// !$*UTF8*$!
{
	archiveVersion = 1;
	classes = {
	};
	objectVersion = 48;
	objects = {

/* Begin PBXBuildFile section */
		3331E3475CAA393ED58F96E8 /* Pods_ClaroChallengeTests.framework in Frameworks */ = {isa = PBXBuildFile; fileRef = DCE288F999E7B3A02E23E954 /* Pods_ClaroChallengeTests.framework */; };
		D4DD90421A0153DE04885577 /* Pods_ClaroChallengeUITests.framework in Frameworks */ = {isa = PBXBuildFile; fileRef = E58FD6BF2A3D5861F0127CDC /* Pods_ClaroChallengeUITests.framework */; };
		F30AF74720E1A8E0003A34F0 /* ClaroChallenge.xcdatamodeld in Sources */ = {isa = PBXBuildFile; fileRef = F30AF74520E1A8E0003A34F0 /* ClaroChallenge.xcdatamodeld */; };
		F30AF75720E1A8E0003A34F0 /* ClaroChallengeTests.swift in Sources */ = {isa = PBXBuildFile; fileRef = F30AF75620E1A8E0003A34F0 /* ClaroChallengeTests.swift */; };
		F30AF78D20E2E0D3003A34F0 /* LaunchScreen.storyboard in Resources */ = {isa = PBXBuildFile; fileRef = F30AF77B20E2E0D3003A34F0 /* LaunchScreen.storyboard */; };
		F30AF78E20E2E0D3003A34F0 /* Main.storyboard in Resources */ = {isa = PBXBuildFile; fileRef = F30AF77D20E2E0D3003A34F0 /* Main.storyboard */; };
		F30AF78F20E2E0D3003A34F0 /* Assets.xcassets in Resources */ = {isa = PBXBuildFile; fileRef = F30AF78120E2E0D3003A34F0 /* Assets.xcassets */; };
		F30AF79020E2E0D3003A34F0 /* AppDelegate.swift in Sources */ = {isa = PBXBuildFile; fileRef = F30AF78A20E2E0D3003A34F0 /* AppDelegate.swift */; };
		F30AF79420E2E329003A34F0 /* HomeCollectionViewController.swift in Sources */ = {isa = PBXBuildFile; fileRef = F30AF79320E2E329003A34F0 /* HomeCollectionViewController.swift */; };
		F30AF79820E2E408003A34F0 /* Identifiable.swift in Sources */ = {isa = PBXBuildFile; fileRef = F30AF79720E2E408003A34F0 /* Identifiable.swift */; };
		F30AF79A20E2E44D003A34F0 /* IdentifiableExtension.swift in Sources */ = {isa = PBXBuildFile; fileRef = F30AF79920E2E44D003A34F0 /* IdentifiableExtension.swift */; };
		F30AF79E20E2E4EC003A34F0 /* Movie.swift in Sources */ = {isa = PBXBuildFile; fileRef = F30AF79D20E2E4EC003A34F0 /* Movie.swift */; };
		F30AF7A020E2E518003A34F0 /* Genre.swift in Sources */ = {isa = PBXBuildFile; fileRef = F30AF79F20E2E518003A34F0 /* Genre.swift */; };
		F30AF7A220E2E554003A34F0 /* MovieType.swift in Sources */ = {isa = PBXBuildFile; fileRef = F30AF7A120E2E554003A34F0 /* MovieType.swift */; };
		F30AF7A520E2E5C6003A34F0 /* LocalizableStrings.swift in Sources */ = {isa = PBXBuildFile; fileRef = F30AF7A420E2E5C6003A34F0 /* LocalizableStrings.swift */; };
		F30AF7A720E2E63B003A34F0 /* Localizable.strings in Resources */ = {isa = PBXBuildFile; fileRef = F30AF7A620E2E63B003A34F0 /* Localizable.strings */; };
		F30AF7A920E2E688003A34F0 /* LocalizableStringExtension.swift in Sources */ = {isa = PBXBuildFile; fileRef = F30AF7A820E2E688003A34F0 /* LocalizableStringExtension.swift */; };
		F30AF7AC20E2E705003A34F0 /* MovieCollectionViewCell.swift in Sources */ = {isa = PBXBuildFile; fileRef = F30AF7AB20E2E705003A34F0 /* MovieCollectionViewCell.swift */; };
		F30AF7B020E2EFE3003A34F0 /* CollectionViewExtension.swift in Sources */ = {isa = PBXBuildFile; fileRef = F30AF7AF20E2EFE3003A34F0 /* CollectionViewExtension.swift */; };
		F30AF7B320E2F103003A34F0 /* DetailsViewController.swift in Sources */ = {isa = PBXBuildFile; fileRef = F30AF7B220E2F103003A34F0 /* DetailsViewController.swift */; };
		F30AF7B520E2F31C003A34F0 /* ViewCustomizable.swift in Sources */ = {isa = PBXBuildFile; fileRef = F30AF7B420E2F31C003A34F0 /* ViewCustomizable.swift */; };
		F30AF7B720E2F34A003A34F0 /* ViewCustomizableExtension.swift in Sources */ = {isa = PBXBuildFile; fileRef = F30AF7B620E2F34A003A34F0 /* ViewCustomizableExtension.swift */; };
		F30AF7BA20E2F3B0003A34F0 /* DetailsView.swift in Sources */ = {isa = PBXBuildFile; fileRef = F30AF7B920E2F3B0003A34F0 /* DetailsView.swift */; };
		F30AF7BC20E2F4C3003A34F0 /* CreditsCollectionViewController.swift in Sources */ = {isa = PBXBuildFile; fileRef = F30AF7BB20E2F4C3003A34F0 /* CreditsCollectionViewController.swift */; };
		F30AF7BE20E2F4EF003A34F0 /* CreditsCollectionViewCell.swift in Sources */ = {isa = PBXBuildFile; fileRef = F30AF7BD20E2F4EF003A34F0 /* CreditsCollectionViewCell.swift */; };
		F30AF7C020E2F538003A34F0 /* Credits.swift in Sources */ = {isa = PBXBuildFile; fileRef = F30AF7BF20E2F538003A34F0 /* Credits.swift */; };
		F30AF7C220E2F561003A34F0 /* Cast.swift in Sources */ = {isa = PBXBuildFile; fileRef = F30AF7C120E2F561003A34F0 /* Cast.swift */; };
		F30AF7C420E2F58B003A34F0 /* Crew.swift in Sources */ = {isa = PBXBuildFile; fileRef = F30AF7C320E2F58B003A34F0 /* Crew.swift */; };
		F30AF7C920E2F69A003A34F0 /* BaseManager.swift in Sources */ = {isa = PBXBuildFile; fileRef = F30AF7C820E2F69A003A34F0 /* BaseManager.swift */; };
		F30AF7CB20E2F6D4003A34F0 /* HomeManager.swift in Sources */ = {isa = PBXBuildFile; fileRef = F30AF7CA20E2F6D4003A34F0 /* HomeManager.swift */; };
		F30AF7CE20E2F722003A34F0 /* MovieBusiness.swift in Sources */ = {isa = PBXBuildFile; fileRef = F30AF7CD20E2F722003A34F0 /* MovieBusiness.swift */; };
		F30AF7D020E2F784003A34F0 /* MovieList.swift in Sources */ = {isa = PBXBuildFile; fileRef = F30AF7CF20E2F784003A34F0 /* MovieList.swift */; };
		F30AF7D420E339B2003A34F0 /* ReachabilityExtension.swift in Sources */ = {isa = PBXBuildFile; fileRef = F30AF7D320E339B2003A34F0 /* ReachabilityExtension.swift */; };
		F30AF7D620E33A08003A34F0 /* MovieListRequest.swift in Sources */ = {isa = PBXBuildFile; fileRef = F30AF7D520E33A08003A34F0 /* MovieListRequest.swift */; };
		F30AF7D920E33A5D003A34F0 /* ApiProvider.swift in Sources */ = {isa = PBXBuildFile; fileRef = F30AF7D820E33A5D003A34F0 /* ApiProvider.swift */; };
		F30AF7DC20E33AC4003A34F0 /* NetworkProvider.swift in Sources */ = {isa = PBXBuildFile; fileRef = F30AF7DB20E33AC4003A34F0 /* NetworkProvider.swift */; };
		F30AF7E020E33BA5003A34F0 /* ApiError.swift in Sources */ = {isa = PBXBuildFile; fileRef = F30AF7DF20E33BA5003A34F0 /* ApiError.swift */; };
		F30AF7E320E33C3B003A34F0 /* MovieApiProtocol.swift in Sources */ = {isa = PBXBuildFile; fileRef = F30AF7E220E33C3B003A34F0 /* MovieApiProtocol.swift */; };
		F30AF7E520E33CA7003A34F0 /* Environment.swift in Sources */ = {isa = PBXBuildFile; fileRef = F30AF7E420E33CA7003A34F0 /* Environment.swift */; };
		F30AF7E720E33CEC003A34F0 /* MovieApiProvider.swift in Sources */ = {isa = PBXBuildFile; fileRef = F30AF7E620E33CEC003A34F0 /* MovieApiProvider.swift */; };
		F30AF7E920E33D24003A34F0 /* MovieMockProvider.swift in Sources */ = {isa = PBXBuildFile; fileRef = F30AF7E820E33D24003A34F0 /* MovieMockProvider.swift */; };
		F30AF7EB20E33D59003A34F0 /* BaseMock.swift in Sources */ = {isa = PBXBuildFile; fileRef = F30AF7EA20E33D59003A34F0 /* BaseMock.swift */; };
		F30AF7ED20E33D8F003A34F0 /* BusinessError.swift in Sources */ = {isa = PBXBuildFile; fileRef = F30AF7EC20E33D8F003A34F0 /* BusinessError.swift */; };
		F30AF7EF20E33DEA003A34F0 /* MovieRequest.swift in Sources */ = {isa = PBXBuildFile; fileRef = F30AF7EE20E33DEA003A34F0 /* MovieRequest.swift */; };
		F30AF7F220E33E51003A34F0 /* DetailsManager.swift in Sources */ = {isa = PBXBuildFile; fileRef = F30AF7F120E33E51003A34F0 /* DetailsManager.swift */; };
		F30AF7F420E33ED4003A34F0 /* HandleError.swift in Sources */ = {isa = PBXBuildFile; fileRef = F30AF7F320E33ED4003A34F0 /* HandleError.swift */; };
		F30AF7FE20E34B77003A34F0 /* ViewExtension.swift in Sources */ = {isa = PBXBuildFile; fileRef = F30AF7FD20E34B77003A34F0 /* ViewExtension.swift */; };
		F31D850320EB1B5E00E33439 /* GradientView.swift in Sources */ = {isa = PBXBuildFile; fileRef = F31D850220EB1B5E00E33439 /* GradientView.swift */; };
		F31FC0EE20E5A0790049B449 /* TrailerRequest.swift in Sources */ = {isa = PBXBuildFile; fileRef = F31FC0ED20E5A0790049B449 /* TrailerRequest.swift */; };
		F31FC0F020E5A1770049B449 /* Trailer.swift in Sources */ = {isa = PBXBuildFile; fileRef = F31FC0EF20E5A1770049B449 /* Trailer.swift */; };
		F31FC0F220E5A2CA0049B449 /* TrailerList.swift in Sources */ = {isa = PBXBuildFile; fileRef = F31FC0F120E5A2C90049B449 /* TrailerList.swift */; };
		F31FC0F420E5AE010049B449 /* TrailerCollectionViewController.swift in Sources */ = {isa = PBXBuildFile; fileRef = F31FC0F320E5AE010049B449 /* TrailerCollectionViewController.swift */; };
		F31FC0FB20E5CE260049B449 /* Clappr.framework in Frameworks */ = {isa = PBXBuildFile; fileRef = F31FC0FA20E5CE260049B449 /* Clappr.framework */; };
		F31FC0FD20E5CE600049B449 /* Pods_ClaroChallenge.framework in Frameworks */ = {isa = PBXBuildFile; fileRef = F31FC0FC20E5CE600049B449 /* Pods_ClaroChallenge.framework */; };
		F31FC0FE20E5CE770049B449 /* Kingfisher.framework in Frameworks */ = {isa = PBXBuildFile; fileRef = F30AF7AD20E2EEA2003A34F0 /* Kingfisher.framework */; };
		F31FC0FF20E5CE770049B449 /* Reachability.framework in Frameworks */ = {isa = PBXBuildFile; fileRef = F30AF7D120E3395C003A34F0 /* Reachability.framework */; };
		F31FC10020E5CE770049B449 /* SwiftMessages.framework in Frameworks */ = {isa = PBXBuildFile; fileRef = F30AF7F520E33F91003A34F0 /* SwiftMessages.framework */; };
		F31FC10220E5DC090049B449 /* TrailerCollectionViewCell.swift in Sources */ = {isa = PBXBuildFile; fileRef = F31FC10120E5DC080049B449 /* TrailerCollectionViewCell.swift */; };
		F3527F6C20EB0F3900C974DC /* DetailsScreen.swift in Sources */ = {isa = PBXBuildFile; fileRef = F3527F6B20EB0F3900C974DC /* DetailsScreen.swift */; };
		F38F1E0F20EAD63C00125E71 /* GenreTests.swift in Sources */ = {isa = PBXBuildFile; fileRef = F38F1E0920EAD63C00125E71 /* GenreTests.swift */; };
		F38F1E1020EAD63C00125E71 /* CrewTests.swift in Sources */ = {isa = PBXBuildFile; fileRef = F38F1E0A20EAD63C00125E71 /* CrewTests.swift */; };
		F38F1E1120EAD63C00125E71 /* MovieListTests.swift in Sources */ = {isa = PBXBuildFile; fileRef = F38F1E0B20EAD63C00125E71 /* MovieListTests.swift */; };
		F38F1E1220EAD63C00125E71 /* CreditsTests.swift in Sources */ = {isa = PBXBuildFile; fileRef = F38F1E0C20EAD63C00125E71 /* CreditsTests.swift */; };
		F38F1E1320EAD63C00125E71 /* MovieTests.swift in Sources */ = {isa = PBXBuildFile; fileRef = F38F1E0D20EAD63C00125E71 /* MovieTests.swift */; };
		F38F1E1420EAD63C00125E71 /* CastTests.swift in Sources */ = {isa = PBXBuildFile; fileRef = F38F1E0E20EAD63C00125E71 /* CastTests.swift */; };
		F38F1E1620EADF5700125E71 /* trailer.json in Resources */ = {isa = PBXBuildFile; fileRef = F38F1E1520EADF5700125E71 /* trailer.json */; };
		F38F1E1820EAE15200125E71 /* trailer_list.json in Resources */ = {isa = PBXBuildFile; fileRef = F38F1E1720EAE15200125E71 /* trailer_list.json */; };
		F38F1E1A20EAE38E00125E71 /* TrailerListTests.swift in Sources */ = {isa = PBXBuildFile; fileRef = F38F1E1920EAE38E00125E71 /* TrailerListTests.swift */; };
		F38F1E1C20EAE7EA00125E71 /* TrailerTests.swift in Sources */ = {isa = PBXBuildFile; fileRef = F38F1E1B20EAE7EA00125E71 /* TrailerTests.swift */; };
		F38F1E2020EAED9F00125E71 /* BaseTests.swift in Sources */ = {isa = PBXBuildFile; fileRef = F38F1E1F20EAED9F00125E71 /* BaseTests.swift */; };
		F38F1E2220EAEE4300125E71 /* MoviesTests.swift in Sources */ = {isa = PBXBuildFile; fileRef = F38F1E2120EAEE4300125E71 /* MoviesTests.swift */; };
		F38F1E2420EAEE8200125E71 /* BaseScreen.swift in Sources */ = {isa = PBXBuildFile; fileRef = F38F1E2320EAEE8200125E71 /* BaseScreen.swift */; };
		F38F1E2620EAEF4500125E71 /* MoviesScreen.swift in Sources */ = {isa = PBXBuildFile; fileRef = F38F1E2520EAEF4500125E71 /* MoviesScreen.swift */; };
		F38F1E2920EAF07000125E71 /* TestCaseExtension.swift in Sources */ = {isa = PBXBuildFile; fileRef = F38F1E2820EAF07000125E71 /* TestCaseExtension.swift */; };
		F3B3A99D20EAF74D00864983 /* popular.json in Resources */ = {isa = PBXBuildFile; fileRef = F3B3A99920EAF74C00864983 /* popular.json */; };
		F3B3A99E20EAF74D00864983 /* upcoming.json in Resources */ = {isa = PBXBuildFile; fileRef = F3B3A99A20EAF74C00864983 /* upcoming.json */; };
		F3B3A99F20EAF74D00864983 /* movie.json in Resources */ = {isa = PBXBuildFile; fileRef = F3B3A99B20EAF74C00864983 /* movie.json */; };
		F3B3A9A020EAF74D00864983 /* credits.json in Resources */ = {isa = PBXBuildFile; fileRef = F3B3A99C20EAF74D00864983 /* credits.json */; };
		F3B3A9A220EAF8DC00864983 /* trailers.json in Resources */ = {isa = PBXBuildFile; fileRef = F3B3A9A120EAF8DC00864983 /* trailers.json */; };
		F3FA9C8820E92043002154E4 /* WebKit.framework in Frameworks */ = {isa = PBXBuildFile; fileRef = F3FA9C8720E92043002154E4 /* WebKit.framework */; };
		F3FA9C9220EA57AF002154E4 /* movie_list.json in Resources */ = {isa = PBXBuildFile; fileRef = F3FA9C8A20EA57AF002154E4 /* movie_list.json */; };
		F3FA9C9320EA57AF002154E4 /* movie.json in Resources */ = {isa = PBXBuildFile; fileRef = F3FA9C8B20EA57AF002154E4 /* movie.json */; };
		F3FA9C9420EA57AF002154E4 /* credits.json in Resources */ = {isa = PBXBuildFile; fileRef = F3FA9C8C20EA57AF002154E4 /* credits.json */; };
		F3FA9C9520EA57AF002154E4 /* empty.json in Resources */ = {isa = PBXBuildFile; fileRef = F3FA9C8D20EA57AF002154E4 /* empty.json */; };
		F3FA9C9620EA57AF002154E4 /* genre.json in Resources */ = {isa = PBXBuildFile; fileRef = F3FA9C8E20EA57AF002154E4 /* genre.json */; };
		F3FA9C9720EA57AF002154E4 /* cast.json in Resources */ = {isa = PBXBuildFile; fileRef = F3FA9C8F20EA57AF002154E4 /* cast.json */; };
		F3FA9C9820EA57AF002154E4 /* crew.json in Resources */ = {isa = PBXBuildFile; fileRef = F3FA9C9020EA57AF002154E4 /* crew.json */; };
		F3FA9C9920EA57AF002154E4 /* fail.json in Resources */ = {isa = PBXBuildFile; fileRef = F3FA9C9120EA57AF002154E4 /* fail.json */; };
		F3FA9C9D20EA581B002154E4 /* MovieBusinessTests.swift in Sources */ = {isa = PBXBuildFile; fileRef = F3FA9C9B20EA581B002154E4 /* MovieBusinessTests.swift */; };
		F3FA9C9E20EA581B002154E4 /* MovieProviderMock.swift in Sources */ = {isa = PBXBuildFile; fileRef = F3FA9C9C20EA581B002154E4 /* MovieProviderMock.swift */; };
/* End PBXBuildFile section */

/* Begin PBXContainerItemProxy section */
		F30AF75320E1A8E0003A34F0 /* PBXContainerItemProxy */ = {
			isa = PBXContainerItemProxy;
			containerPortal = F30AF73320E1A8E0003A34F0 /* Project object */;
			proxyType = 1;
			remoteGlobalIDString = F30AF73A20E1A8E0003A34F0;
			remoteInfo = ClaroChallenge;
		};
		F30AF75E20E1A8E0003A34F0 /* PBXContainerItemProxy */ = {
			isa = PBXContainerItemProxy;
			containerPortal = F30AF73320E1A8E0003A34F0 /* Project object */;
			proxyType = 1;
			remoteGlobalIDString = F30AF73A20E1A8E0003A34F0;
			remoteInfo = ClaroChallenge;
		};
/* End PBXContainerItemProxy section */

/* Begin PBXFileReference section */
		1EBE31266BC216F2BE25D673 /* Pods-ClaroChallengeUITests.release.xcconfig */ = {isa = PBXFileReference; includeInIndex = 1; lastKnownFileType = text.xcconfig; name = "Pods-ClaroChallengeUITests.release.xcconfig"; path = "Pods/Target Support Files/Pods-ClaroChallengeUITests/Pods-ClaroChallengeUITests.release.xcconfig"; sourceTree = "<group>"; };
		5F876C92714429F65267E357 /* Pods-ClaroChallenge.release.xcconfig */ = {isa = PBXFileReference; includeInIndex = 1; lastKnownFileType = text.xcconfig; name = "Pods-ClaroChallenge.release.xcconfig"; path = "Pods/Target Support Files/Pods-ClaroChallenge/Pods-ClaroChallenge.release.xcconfig"; sourceTree = "<group>"; };
		798F4B2FD92AF798D18B3C04 /* Pods-ClaroChallenge.debug.xcconfig */ = {isa = PBXFileReference; includeInIndex = 1; lastKnownFileType = text.xcconfig; name = "Pods-ClaroChallenge.debug.xcconfig"; path = "Pods/Target Support Files/Pods-ClaroChallenge/Pods-ClaroChallenge.debug.xcconfig"; sourceTree = "<group>"; };
		935793B760775C2DBF71FEDF /* Pods_ClaroChallenge.framework */ = {isa = PBXFileReference; explicitFileType = wrapper.framework; includeInIndex = 0; path = Pods_ClaroChallenge.framework; sourceTree = BUILT_PRODUCTS_DIR; };
		A97AD0FD96276D8F2DCE0876 /* Pods-ClaroChallengeUITests.mock.xcconfig */ = {isa = PBXFileReference; includeInIndex = 1; lastKnownFileType = text.xcconfig; name = "Pods-ClaroChallengeUITests.mock.xcconfig"; path = "Pods/Target Support Files/Pods-ClaroChallengeUITests/Pods-ClaroChallengeUITests.mock.xcconfig"; sourceTree = "<group>"; };
		B15D6D6C604E6B6757D47EB2 /* Pods-ClaroChallengeTests.release.xcconfig */ = {isa = PBXFileReference; includeInIndex = 1; lastKnownFileType = text.xcconfig; name = "Pods-ClaroChallengeTests.release.xcconfig"; path = "Pods/Target Support Files/Pods-ClaroChallengeTests/Pods-ClaroChallengeTests.release.xcconfig"; sourceTree = "<group>"; };
		B55F0EF1D942EE0F7F80EBC8 /* Pods-ClaroChallengeTests.mock.xcconfig */ = {isa = PBXFileReference; includeInIndex = 1; lastKnownFileType = text.xcconfig; name = "Pods-ClaroChallengeTests.mock.xcconfig"; path = "Pods/Target Support Files/Pods-ClaroChallengeTests/Pods-ClaroChallengeTests.mock.xcconfig"; sourceTree = "<group>"; };
		C415D858D7ED79CE3596BB5B /* Pods-ClaroChallenge.mock.xcconfig */ = {isa = PBXFileReference; includeInIndex = 1; lastKnownFileType = text.xcconfig; name = "Pods-ClaroChallenge.mock.xcconfig"; path = "Pods/Target Support Files/Pods-ClaroChallenge/Pods-ClaroChallenge.mock.xcconfig"; sourceTree = "<group>"; };
		DCE288F999E7B3A02E23E954 /* Pods_ClaroChallengeTests.framework */ = {isa = PBXFileReference; explicitFileType = wrapper.framework; includeInIndex = 0; path = Pods_ClaroChallengeTests.framework; sourceTree = BUILT_PRODUCTS_DIR; };
		E58FD6BF2A3D5861F0127CDC /* Pods_ClaroChallengeUITests.framework */ = {isa = PBXFileReference; explicitFileType = wrapper.framework; includeInIndex = 0; path = Pods_ClaroChallengeUITests.framework; sourceTree = BUILT_PRODUCTS_DIR; };
		F30AF73B20E1A8E0003A34F0 /* ClaroChallenge.app */ = {isa = PBXFileReference; explicitFileType = wrapper.application; includeInIndex = 0; path = ClaroChallenge.app; sourceTree = BUILT_PRODUCTS_DIR; };
		F30AF74620E1A8E0003A34F0 /* ClaroChallenge.xcdatamodel */ = {isa = PBXFileReference; lastKnownFileType = wrapper.xcdatamodel; path = ClaroChallenge.xcdatamodel; sourceTree = "<group>"; };
		F30AF75220E1A8E0003A34F0 /* ClaroChallengeTests.xctest */ = {isa = PBXFileReference; explicitFileType = wrapper.cfbundle; includeInIndex = 0; path = ClaroChallengeTests.xctest; sourceTree = BUILT_PRODUCTS_DIR; };
		F30AF75620E1A8E0003A34F0 /* ClaroChallengeTests.swift */ = {isa = PBXFileReference; lastKnownFileType = sourcecode.swift; path = ClaroChallengeTests.swift; sourceTree = "<group>"; };
		F30AF75820E1A8E0003A34F0 /* Info.plist */ = {isa = PBXFileReference; lastKnownFileType = text.plist.xml; path = Info.plist; sourceTree = "<group>"; };
		F30AF75D20E1A8E0003A34F0 /* ClaroChallengeUITests.xctest */ = {isa = PBXFileReference; explicitFileType = wrapper.cfbundle; includeInIndex = 0; path = ClaroChallengeUITests.xctest; sourceTree = BUILT_PRODUCTS_DIR; };
		F30AF76320E1A8E0003A34F0 /* Info.plist */ = {isa = PBXFileReference; lastKnownFileType = text.plist.xml; path = Info.plist; sourceTree = "<group>"; };
		F30AF77C20E2E0D3003A34F0 /* Base */ = {isa = PBXFileReference; lastKnownFileType = file.storyboard; name = Base; path = Base.lproj/LaunchScreen.storyboard; sourceTree = "<group>"; };
		F30AF77E20E2E0D3003A34F0 /* Base */ = {isa = PBXFileReference; lastKnownFileType = file.storyboard; name = Base; path = Base.lproj/Main.storyboard; sourceTree = "<group>"; };
		F30AF78120E2E0D3003A34F0 /* Assets.xcassets */ = {isa = PBXFileReference; lastKnownFileType = folder.assetcatalog; path = Assets.xcassets; sourceTree = "<group>"; };
		F30AF78A20E2E0D3003A34F0 /* AppDelegate.swift */ = {isa = PBXFileReference; fileEncoding = 4; lastKnownFileType = sourcecode.swift; path = AppDelegate.swift; sourceTree = "<group>"; };
		F30AF78C20E2E0D3003A34F0 /* Info.plist */ = {isa = PBXFileReference; fileEncoding = 4; lastKnownFileType = text.plist.xml; path = Info.plist; sourceTree = "<group>"; };
		F30AF79320E2E329003A34F0 /* HomeCollectionViewController.swift */ = {isa = PBXFileReference; lastKnownFileType = sourcecode.swift; path = HomeCollectionViewController.swift; sourceTree = "<group>"; };
		F30AF79720E2E408003A34F0 /* Identifiable.swift */ = {isa = PBXFileReference; lastKnownFileType = sourcecode.swift; path = Identifiable.swift; sourceTree = "<group>"; };
		F30AF79920E2E44D003A34F0 /* IdentifiableExtension.swift */ = {isa = PBXFileReference; lastKnownFileType = sourcecode.swift; path = IdentifiableExtension.swift; sourceTree = "<group>"; };
		F30AF79D20E2E4EC003A34F0 /* Movie.swift */ = {isa = PBXFileReference; lastKnownFileType = sourcecode.swift; path = Movie.swift; sourceTree = "<group>"; };
		F30AF79F20E2E518003A34F0 /* Genre.swift */ = {isa = PBXFileReference; lastKnownFileType = sourcecode.swift; path = Genre.swift; sourceTree = "<group>"; };
		F30AF7A120E2E554003A34F0 /* MovieType.swift */ = {isa = PBXFileReference; lastKnownFileType = sourcecode.swift; path = MovieType.swift; sourceTree = "<group>"; };
		F30AF7A420E2E5C6003A34F0 /* LocalizableStrings.swift */ = {isa = PBXFileReference; lastKnownFileType = sourcecode.swift; path = LocalizableStrings.swift; sourceTree = "<group>"; };
		F30AF7A620E2E63B003A34F0 /* Localizable.strings */ = {isa = PBXFileReference; lastKnownFileType = text.plist.strings; path = Localizable.strings; sourceTree = "<group>"; };
		F30AF7A820E2E688003A34F0 /* LocalizableStringExtension.swift */ = {isa = PBXFileReference; lastKnownFileType = sourcecode.swift; path = LocalizableStringExtension.swift; sourceTree = "<group>"; };
		F30AF7AB20E2E705003A34F0 /* MovieCollectionViewCell.swift */ = {isa = PBXFileReference; lastKnownFileType = sourcecode.swift; path = MovieCollectionViewCell.swift; sourceTree = "<group>"; };
		F30AF7AD20E2EEA2003A34F0 /* Kingfisher.framework */ = {isa = PBXFileReference; lastKnownFileType = wrapper.framework; name = Kingfisher.framework; path = Carthage/Build/iOS/Kingfisher.framework; sourceTree = "<group>"; };
		F30AF7AF20E2EFE3003A34F0 /* CollectionViewExtension.swift */ = {isa = PBXFileReference; lastKnownFileType = sourcecode.swift; path = CollectionViewExtension.swift; sourceTree = "<group>"; };
		F30AF7B220E2F103003A34F0 /* DetailsViewController.swift */ = {isa = PBXFileReference; lastKnownFileType = sourcecode.swift; path = DetailsViewController.swift; sourceTree = "<group>"; };
		F30AF7B420E2F31C003A34F0 /* ViewCustomizable.swift */ = {isa = PBXFileReference; lastKnownFileType = sourcecode.swift; path = ViewCustomizable.swift; sourceTree = "<group>"; };
		F30AF7B620E2F34A003A34F0 /* ViewCustomizableExtension.swift */ = {isa = PBXFileReference; lastKnownFileType = sourcecode.swift; path = ViewCustomizableExtension.swift; sourceTree = "<group>"; };
		F30AF7B920E2F3B0003A34F0 /* DetailsView.swift */ = {isa = PBXFileReference; lastKnownFileType = sourcecode.swift; path = DetailsView.swift; sourceTree = "<group>"; };
		F30AF7BB20E2F4C3003A34F0 /* CreditsCollectionViewController.swift */ = {isa = PBXFileReference; lastKnownFileType = sourcecode.swift; path = CreditsCollectionViewController.swift; sourceTree = "<group>"; };
		F30AF7BD20E2F4EF003A34F0 /* CreditsCollectionViewCell.swift */ = {isa = PBXFileReference; lastKnownFileType = sourcecode.swift; path = CreditsCollectionViewCell.swift; sourceTree = "<group>"; };
		F30AF7BF20E2F538003A34F0 /* Credits.swift */ = {isa = PBXFileReference; lastKnownFileType = sourcecode.swift; path = Credits.swift; sourceTree = "<group>"; };
		F30AF7C120E2F561003A34F0 /* Cast.swift */ = {isa = PBXFileReference; lastKnownFileType = sourcecode.swift; path = Cast.swift; sourceTree = "<group>"; };
		F30AF7C320E2F58B003A34F0 /* Crew.swift */ = {isa = PBXFileReference; lastKnownFileType = sourcecode.swift; path = Crew.swift; sourceTree = "<group>"; };
		F30AF7C820E2F69A003A34F0 /* BaseManager.swift */ = {isa = PBXFileReference; lastKnownFileType = sourcecode.swift; path = BaseManager.swift; sourceTree = "<group>"; };
		F30AF7CA20E2F6D4003A34F0 /* HomeManager.swift */ = {isa = PBXFileReference; lastKnownFileType = sourcecode.swift; path = HomeManager.swift; sourceTree = "<group>"; };
		F30AF7CD20E2F722003A34F0 /* MovieBusiness.swift */ = {isa = PBXFileReference; lastKnownFileType = sourcecode.swift; path = MovieBusiness.swift; sourceTree = "<group>"; };
		F30AF7CF20E2F784003A34F0 /* MovieList.swift */ = {isa = PBXFileReference; lastKnownFileType = sourcecode.swift; path = MovieList.swift; sourceTree = "<group>"; };
		F30AF7D120E3395C003A34F0 /* Reachability.framework */ = {isa = PBXFileReference; lastKnownFileType = wrapper.framework; name = Reachability.framework; path = Carthage/Build/iOS/Reachability.framework; sourceTree = "<group>"; };
		F30AF7D320E339B2003A34F0 /* ReachabilityExtension.swift */ = {isa = PBXFileReference; lastKnownFileType = sourcecode.swift; path = ReachabilityExtension.swift; sourceTree = "<group>"; };
		F30AF7D520E33A08003A34F0 /* MovieListRequest.swift */ = {isa = PBXFileReference; lastKnownFileType = sourcecode.swift; path = MovieListRequest.swift; sourceTree = "<group>"; };
		F30AF7D820E33A5D003A34F0 /* ApiProvider.swift */ = {isa = PBXFileReference; lastKnownFileType = sourcecode.swift; path = ApiProvider.swift; sourceTree = "<group>"; };
		F30AF7DB20E33AC4003A34F0 /* NetworkProvider.swift */ = {isa = PBXFileReference; lastKnownFileType = sourcecode.swift; path = NetworkProvider.swift; sourceTree = "<group>"; };
		F30AF7DF20E33BA5003A34F0 /* ApiError.swift */ = {isa = PBXFileReference; lastKnownFileType = sourcecode.swift; path = ApiError.swift; sourceTree = "<group>"; };
		F30AF7E220E33C3B003A34F0 /* MovieApiProtocol.swift */ = {isa = PBXFileReference; lastKnownFileType = sourcecode.swift; path = MovieApiProtocol.swift; sourceTree = "<group>"; };
		F30AF7E420E33CA7003A34F0 /* Environment.swift */ = {isa = PBXFileReference; lastKnownFileType = sourcecode.swift; path = Environment.swift; sourceTree = "<group>"; };
		F30AF7E620E33CEC003A34F0 /* MovieApiProvider.swift */ = {isa = PBXFileReference; lastKnownFileType = sourcecode.swift; path = MovieApiProvider.swift; sourceTree = "<group>"; };
		F30AF7E820E33D24003A34F0 /* MovieMockProvider.swift */ = {isa = PBXFileReference; lastKnownFileType = sourcecode.swift; path = MovieMockProvider.swift; sourceTree = "<group>"; };
		F30AF7EA20E33D59003A34F0 /* BaseMock.swift */ = {isa = PBXFileReference; lastKnownFileType = sourcecode.swift; path = BaseMock.swift; sourceTree = "<group>"; };
		F30AF7EC20E33D8F003A34F0 /* BusinessError.swift */ = {isa = PBXFileReference; lastKnownFileType = sourcecode.swift; path = BusinessError.swift; sourceTree = "<group>"; };
		F30AF7EE20E33DEA003A34F0 /* MovieRequest.swift */ = {isa = PBXFileReference; lastKnownFileType = sourcecode.swift; path = MovieRequest.swift; sourceTree = "<group>"; };
		F30AF7F120E33E51003A34F0 /* DetailsManager.swift */ = {isa = PBXFileReference; lastKnownFileType = sourcecode.swift; path = DetailsManager.swift; sourceTree = "<group>"; };
		F30AF7F320E33ED4003A34F0 /* HandleError.swift */ = {isa = PBXFileReference; lastKnownFileType = sourcecode.swift; path = HandleError.swift; sourceTree = "<group>"; };
		F30AF7F520E33F91003A34F0 /* SwiftMessages.framework */ = {isa = PBXFileReference; lastKnownFileType = wrapper.framework; name = SwiftMessages.framework; path = Carthage/Build/iOS/SwiftMessages.framework; sourceTree = "<group>"; };
		F30AF7FD20E34B77003A34F0 /* ViewExtension.swift */ = {isa = PBXFileReference; lastKnownFileType = sourcecode.swift; path = ViewExtension.swift; sourceTree = "<group>"; };
		F31D850220EB1B5E00E33439 /* GradientView.swift */ = {isa = PBXFileReference; lastKnownFileType = sourcecode.swift; path = GradientView.swift; sourceTree = "<group>"; };
		F31FC0ED20E5A0790049B449 /* TrailerRequest.swift */ = {isa = PBXFileReference; lastKnownFileType = sourcecode.swift; path = TrailerRequest.swift; sourceTree = "<group>"; };
		F31FC0EF20E5A1770049B449 /* Trailer.swift */ = {isa = PBXFileReference; lastKnownFileType = sourcecode.swift; path = Trailer.swift; sourceTree = "<group>"; };
		F31FC0F120E5A2C90049B449 /* TrailerList.swift */ = {isa = PBXFileReference; lastKnownFileType = sourcecode.swift; path = TrailerList.swift; sourceTree = "<group>"; };
		F31FC0F320E5AE010049B449 /* TrailerCollectionViewController.swift */ = {isa = PBXFileReference; lastKnownFileType = sourcecode.swift; path = TrailerCollectionViewController.swift; sourceTree = "<group>"; };
		F31FC0F720E5C0C50049B449 /* Player.framework */ = {isa = PBXFileReference; lastKnownFileType = wrapper.framework; name = Player.framework; path = Carthage/Build/iOS/Player.framework; sourceTree = "<group>"; };
		F31FC0FA20E5CE260049B449 /* Clappr.framework */ = {isa = PBXFileReference; lastKnownFileType = wrapper.framework; name = Clappr.framework; path = Carthage/Build/iOS/Clappr.framework; sourceTree = "<group>"; };
		F31FC0FC20E5CE600049B449 /* Pods_ClaroChallenge.framework */ = {isa = PBXFileReference; explicitFileType = wrapper.framework; path = Pods_ClaroChallenge.framework; sourceTree = BUILT_PRODUCTS_DIR; };
		F31FC10120E5DC080049B449 /* TrailerCollectionViewCell.swift */ = {isa = PBXFileReference; fileEncoding = 4; lastKnownFileType = sourcecode.swift; path = TrailerCollectionViewCell.swift; sourceTree = "<group>"; };
		F3527F6B20EB0F3900C974DC /* DetailsScreen.swift */ = {isa = PBXFileReference; lastKnownFileType = sourcecode.swift; path = DetailsScreen.swift; sourceTree = "<group>"; };
		F38F1E0920EAD63C00125E71 /* GenreTests.swift */ = {isa = PBXFileReference; fileEncoding = 4; lastKnownFileType = sourcecode.swift; path = GenreTests.swift; sourceTree = "<group>"; };
		F38F1E0A20EAD63C00125E71 /* CrewTests.swift */ = {isa = PBXFileReference; fileEncoding = 4; lastKnownFileType = sourcecode.swift; path = CrewTests.swift; sourceTree = "<group>"; };
		F38F1E0B20EAD63C00125E71 /* MovieListTests.swift */ = {isa = PBXFileReference; fileEncoding = 4; lastKnownFileType = sourcecode.swift; path = MovieListTests.swift; sourceTree = "<group>"; };
		F38F1E0C20EAD63C00125E71 /* CreditsTests.swift */ = {isa = PBXFileReference; fileEncoding = 4; lastKnownFileType = sourcecode.swift; path = CreditsTests.swift; sourceTree = "<group>"; };
		F38F1E0D20EAD63C00125E71 /* MovieTests.swift */ = {isa = PBXFileReference; fileEncoding = 4; lastKnownFileType = sourcecode.swift; path = MovieTests.swift; sourceTree = "<group>"; };
		F38F1E0E20EAD63C00125E71 /* CastTests.swift */ = {isa = PBXFileReference; fileEncoding = 4; lastKnownFileType = sourcecode.swift; path = CastTests.swift; sourceTree = "<group>"; };
		F38F1E1520EADF5700125E71 /* trailer.json */ = {isa = PBXFileReference; lastKnownFileType = text.json; path = trailer.json; sourceTree = "<group>"; };
		F38F1E1720EAE15200125E71 /* trailer_list.json */ = {isa = PBXFileReference; lastKnownFileType = text.json; path = trailer_list.json; sourceTree = "<group>"; };
		F38F1E1920EAE38E00125E71 /* TrailerListTests.swift */ = {isa = PBXFileReference; lastKnownFileType = sourcecode.swift; path = TrailerListTests.swift; sourceTree = "<group>"; };
		F38F1E1B20EAE7EA00125E71 /* TrailerTests.swift */ = {isa = PBXFileReference; lastKnownFileType = sourcecode.swift; path = TrailerTests.swift; sourceTree = "<group>"; };
		F38F1E1F20EAED9F00125E71 /* BaseTests.swift */ = {isa = PBXFileReference; lastKnownFileType = sourcecode.swift; path = BaseTests.swift; sourceTree = "<group>"; };
		F38F1E2120EAEE4300125E71 /* MoviesTests.swift */ = {isa = PBXFileReference; lastKnownFileType = sourcecode.swift; path = MoviesTests.swift; sourceTree = "<group>"; };
		F38F1E2320EAEE8200125E71 /* BaseScreen.swift */ = {isa = PBXFileReference; lastKnownFileType = sourcecode.swift; path = BaseScreen.swift; sourceTree = "<group>"; };
		F38F1E2520EAEF4500125E71 /* MoviesScreen.swift */ = {isa = PBXFileReference; lastKnownFileType = sourcecode.swift; path = MoviesScreen.swift; sourceTree = "<group>"; };
		F38F1E2820EAF07000125E71 /* TestCaseExtension.swift */ = {isa = PBXFileReference; lastKnownFileType = sourcecode.swift; path = TestCaseExtension.swift; sourceTree = "<group>"; };
		F3B3A99920EAF74C00864983 /* popular.json */ = {isa = PBXFileReference; fileEncoding = 4; lastKnownFileType = text.json; path = popular.json; sourceTree = "<group>"; };
		F3B3A99A20EAF74C00864983 /* upcoming.json */ = {isa = PBXFileReference; fileEncoding = 4; lastKnownFileType = text.json; path = upcoming.json; sourceTree = "<group>"; };
		F3B3A99B20EAF74C00864983 /* movie.json */ = {isa = PBXFileReference; fileEncoding = 4; lastKnownFileType = text.json; path = movie.json; sourceTree = "<group>"; };
		F3B3A99C20EAF74D00864983 /* credits.json */ = {isa = PBXFileReference; fileEncoding = 4; lastKnownFileType = text.json; path = credits.json; sourceTree = "<group>"; };
		F3B3A9A120EAF8DC00864983 /* trailers.json */ = {isa = PBXFileReference; lastKnownFileType = text.json; path = trailers.json; sourceTree = "<group>"; };
		F3FA9C8720E92043002154E4 /* WebKit.framework */ = {isa = PBXFileReference; lastKnownFileType = wrapper.framework; name = WebKit.framework; path = System/Library/Frameworks/WebKit.framework; sourceTree = SDKROOT; };
		F3FA9C8A20EA57AF002154E4 /* movie_list.json */ = {isa = PBXFileReference; fileEncoding = 4; lastKnownFileType = text.json; path = movie_list.json; sourceTree = "<group>"; };
		F3FA9C8B20EA57AF002154E4 /* movie.json */ = {isa = PBXFileReference; fileEncoding = 4; lastKnownFileType = text.json; path = movie.json; sourceTree = "<group>"; };
		F3FA9C8C20EA57AF002154E4 /* credits.json */ = {isa = PBXFileReference; fileEncoding = 4; lastKnownFileType = text.json; path = credits.json; sourceTree = "<group>"; };
		F3FA9C8D20EA57AF002154E4 /* empty.json */ = {isa = PBXFileReference; fileEncoding = 4; lastKnownFileType = text.json; path = empty.json; sourceTree = "<group>"; };
		F3FA9C8E20EA57AF002154E4 /* genre.json */ = {isa = PBXFileReference; fileEncoding = 4; lastKnownFileType = text.json; path = genre.json; sourceTree = "<group>"; };
		F3FA9C8F20EA57AF002154E4 /* cast.json */ = {isa = PBXFileReference; fileEncoding = 4; lastKnownFileType = text.json; path = cast.json; sourceTree = "<group>"; };
		F3FA9C9020EA57AF002154E4 /* crew.json */ = {isa = PBXFileReference; fileEncoding = 4; lastKnownFileType = text.json; path = crew.json; sourceTree = "<group>"; };
		F3FA9C9120EA57AF002154E4 /* fail.json */ = {isa = PBXFileReference; fileEncoding = 4; lastKnownFileType = text.json; path = fail.json; sourceTree = "<group>"; };
		F3FA9C9B20EA581B002154E4 /* MovieBusinessTests.swift */ = {isa = PBXFileReference; fileEncoding = 4; lastKnownFileType = sourcecode.swift; path = MovieBusinessTests.swift; sourceTree = "<group>"; };
		F3FA9C9C20EA581B002154E4 /* MovieProviderMock.swift */ = {isa = PBXFileReference; fileEncoding = 4; lastKnownFileType = sourcecode.swift; path = MovieProviderMock.swift; sourceTree = "<group>"; };
		F744B52B33255318AB3E336F /* Pods-ClaroChallengeUITests.debug.xcconfig */ = {isa = PBXFileReference; includeInIndex = 1; lastKnownFileType = text.xcconfig; name = "Pods-ClaroChallengeUITests.debug.xcconfig"; path = "Pods/Target Support Files/Pods-ClaroChallengeUITests/Pods-ClaroChallengeUITests.debug.xcconfig"; sourceTree = "<group>"; };
		F94FC35F1BAE45F484A6F34A /* Pods-ClaroChallengeTests.debug.xcconfig */ = {isa = PBXFileReference; includeInIndex = 1; lastKnownFileType = text.xcconfig; name = "Pods-ClaroChallengeTests.debug.xcconfig"; path = "Pods/Target Support Files/Pods-ClaroChallengeTests/Pods-ClaroChallengeTests.debug.xcconfig"; sourceTree = "<group>"; };
/* End PBXFileReference section */

/* Begin PBXFrameworksBuildPhase section */
		F30AF73820E1A8E0003A34F0 /* Frameworks */ = {
			isa = PBXFrameworksBuildPhase;
			buildActionMask = 2147483647;
			files = (
				F3FA9C8820E92043002154E4 /* WebKit.framework in Frameworks */,
				F31FC0FE20E5CE770049B449 /* Kingfisher.framework in Frameworks */,
				F31FC0FF20E5CE770049B449 /* Reachability.framework in Frameworks */,
				F31FC10020E5CE770049B449 /* SwiftMessages.framework in Frameworks */,
				F31FC0FD20E5CE600049B449 /* Pods_ClaroChallenge.framework in Frameworks */,
				F31FC0FB20E5CE260049B449 /* Clappr.framework in Frameworks */,
			);
			runOnlyForDeploymentPostprocessing = 0;
		};
		F30AF74F20E1A8E0003A34F0 /* Frameworks */ = {
			isa = PBXFrameworksBuildPhase;
			buildActionMask = 2147483647;
			files = (
				3331E3475CAA393ED58F96E8 /* Pods_ClaroChallengeTests.framework in Frameworks */,
			);
			runOnlyForDeploymentPostprocessing = 0;
		};
		F30AF75A20E1A8E0003A34F0 /* Frameworks */ = {
			isa = PBXFrameworksBuildPhase;
			buildActionMask = 2147483647;
			files = (
				D4DD90421A0153DE04885577 /* Pods_ClaroChallengeUITests.framework in Frameworks */,
			);
			runOnlyForDeploymentPostprocessing = 0;
		};
/* End PBXFrameworksBuildPhase section */

/* Begin PBXGroup section */
		115AE1D2F26CC90298DB0417 /* Frameworks */ = {
			isa = PBXGroup;
			children = (
				F3FA9C8720E92043002154E4 /* WebKit.framework */,
				F31FC0FC20E5CE600049B449 /* Pods_ClaroChallenge.framework */,
				F31FC0FA20E5CE260049B449 /* Clappr.framework */,
				F31FC0F720E5C0C50049B449 /* Player.framework */,
				F30AF7F520E33F91003A34F0 /* SwiftMessages.framework */,
				F30AF7D120E3395C003A34F0 /* Reachability.framework */,
				F30AF7AD20E2EEA2003A34F0 /* Kingfisher.framework */,
				935793B760775C2DBF71FEDF /* Pods_ClaroChallenge.framework */,
				DCE288F999E7B3A02E23E954 /* Pods_ClaroChallengeTests.framework */,
				E58FD6BF2A3D5861F0127CDC /* Pods_ClaroChallengeUITests.framework */,
			);
			name = Frameworks;
			sourceTree = "<group>";
		};
		F14B592ED2C1C1ADDAB9AAF9 /* Pods */ = {
			isa = PBXGroup;
			children = (
				798F4B2FD92AF798D18B3C04 /* Pods-ClaroChallenge.debug.xcconfig */,
				5F876C92714429F65267E357 /* Pods-ClaroChallenge.release.xcconfig */,
				F94FC35F1BAE45F484A6F34A /* Pods-ClaroChallengeTests.debug.xcconfig */,
				B15D6D6C604E6B6757D47EB2 /* Pods-ClaroChallengeTests.release.xcconfig */,
				F744B52B33255318AB3E336F /* Pods-ClaroChallengeUITests.debug.xcconfig */,
				1EBE31266BC216F2BE25D673 /* Pods-ClaroChallengeUITests.release.xcconfig */,
				C415D858D7ED79CE3596BB5B /* Pods-ClaroChallenge.mock.xcconfig */,
				B55F0EF1D942EE0F7F80EBC8 /* Pods-ClaroChallengeTests.mock.xcconfig */,
				A97AD0FD96276D8F2DCE0876 /* Pods-ClaroChallengeUITests.mock.xcconfig */,
			);
			name = Pods;
			sourceTree = "<group>";
		};
		F30AF73220E1A8E0003A34F0 = {
			isa = PBXGroup;
			children = (
				F30AF73D20E1A8E0003A34F0 /* ClaroChallenge */,
				F30AF75520E1A8E0003A34F0 /* ClaroChallengeTests */,
				F30AF76020E1A8E0003A34F0 /* ClaroChallengeUITests */,
				F30AF73C20E1A8E0003A34F0 /* Products */,
				F14B592ED2C1C1ADDAB9AAF9 /* Pods */,
				115AE1D2F26CC90298DB0417 /* Frameworks */,
			);
			sourceTree = "<group>";
		};
		F30AF73C20E1A8E0003A34F0 /* Products */ = {
			isa = PBXGroup;
			children = (
				F30AF73B20E1A8E0003A34F0 /* ClaroChallenge.app */,
				F30AF75220E1A8E0003A34F0 /* ClaroChallengeTests.xctest */,
				F30AF75D20E1A8E0003A34F0 /* ClaroChallengeUITests.xctest */,
			);
			name = Products;
			sourceTree = "<group>";
		};
		F30AF73D20E1A8E0003A34F0 /* ClaroChallenge */ = {
			isa = PBXGroup;
			children = (
				F30AF77920E2E0D3003A34F0 /* Resources */,
				F30AF78220E2E0D3003A34F0 /* Source */,
				F30AF78B20E2E0D3003A34F0 /* Supporting Files */,
				F30AF74520E1A8E0003A34F0 /* ClaroChallenge.xcdatamodeld */,
			);
			path = ClaroChallenge;
			sourceTree = "<group>";
		};
		F30AF75520E1A8E0003A34F0 /* ClaroChallengeTests */ = {
			isa = PBXGroup;
			children = (
				F38F1E0820EAD63C00125E71 /* Model */,
				F3FA9C9A20EA57DA002154E4 /* Business */,
				F3FA9C8920EA577E002154E4 /* Mocks */,
				F30AF75620E1A8E0003A34F0 /* ClaroChallengeTests.swift */,
				F30AF75820E1A8E0003A34F0 /* Info.plist */,
			);
			path = ClaroChallengeTests;
			sourceTree = "<group>";
		};
		F30AF76020E1A8E0003A34F0 /* ClaroChallengeUITests */ = {
			isa = PBXGroup;
			children = (
				F38F1E2720EAEFED00125E71 /* Common */,
				F38F1E1E20EAECB400125E71 /* Screens */,
				F38F1E1D20EAECAB00125E71 /* Tests */,
				F30AF76320E1A8E0003A34F0 /* Info.plist */,
			);
			path = ClaroChallengeUITests;
			sourceTree = "<group>";
		};
		F30AF77920E2E0D3003A34F0 /* Resources */ = {
			isa = PBXGroup;
			children = (
				F30AF77A20E2E0D3003A34F0 /* Storyboards */,
				F30AF77F20E2E0D3003A34F0 /* Strings */,
				F30AF78020E2E0D3003A34F0 /* Assets */,
			);
			path = Resources;
			sourceTree = "<group>";
		};
		F30AF77A20E2E0D3003A34F0 /* Storyboards */ = {
			isa = PBXGroup;
			children = (
				F30AF77B20E2E0D3003A34F0 /* LaunchScreen.storyboard */,
				F30AF77D20E2E0D3003A34F0 /* Main.storyboard */,
			);
			path = Storyboards;
			sourceTree = "<group>";
		};
		F30AF77F20E2E0D3003A34F0 /* Strings */ = {
			isa = PBXGroup;
			children = (
				F30AF7A620E2E63B003A34F0 /* Localizable.strings */,
			);
			path = Strings;
			sourceTree = "<group>";
		};
		F30AF78020E2E0D3003A34F0 /* Assets */ = {
			isa = PBXGroup;
			children = (
				F30AF78120E2E0D3003A34F0 /* Assets.xcassets */,
			);
			path = Assets;
			sourceTree = "<group>";
		};
		F30AF78220E2E0D3003A34F0 /* Source */ = {
			isa = PBXGroup;
			children = (
				F30AF7C520E2F668003A34F0 /* Manager */,
				F30AF78320E2E0D3003A34F0 /* Business */,
				F30AF78420E2E0D3003A34F0 /* Provider */,
				F30AF78520E2E0D3003A34F0 /* Controller */,
				F30AF78620E2E0D3003A34F0 /* Common */,
				F30AF78720E2E0D3003A34F0 /* Model */,
				F30AF78820E2E0D3003A34F0 /* View */,
				F30AF78920E2E0D3003A34F0 /* Infrastructure */,
			);
			path = Source;
			sourceTree = "<group>";
		};
		F30AF78320E2E0D3003A34F0 /* Business */ = {
			isa = PBXGroup;
			children = (
				F30AF7CC20E2F70C003A34F0 /* Movie */,
			);
			path = Business;
			sourceTree = "<group>";
		};
		F30AF78420E2E0D3003A34F0 /* Provider */ = {
			isa = PBXGroup;
			children = (
				F30AF7DA20E33AA8003A34F0 /* Network */,
				F30AF7D720E33A31003A34F0 /* API */,
			);
			path = Provider;
			sourceTree = "<group>";
		};
		F30AF78520E2E0D3003A34F0 /* Controller */ = {
			isa = PBXGroup;
			children = (
				F30AF7B120E2F0CF003A34F0 /* Details */,
				F30AF79220E2E304003A34F0 /* Home */,
			);
			path = Controller;
			sourceTree = "<group>";
		};
		F30AF78620E2E0D3003A34F0 /* Common */ = {
			isa = PBXGroup;
			children = (
				F30AF79620E2E3CD003A34F0 /* Protocols */,
				F30AF79520E2E391003A34F0 /* Extensions */,
			);
			path = Common;
			sourceTree = "<group>";
		};
		F30AF78720E2E0D3003A34F0 /* Model */ = {
			isa = PBXGroup;
			children = (
				F30AF79C20E2E4CD003A34F0 /* Movie */,
				F30AF79B20E2E4B7003A34F0 /* Request */,
			);
			path = Model;
			sourceTree = "<group>";
		};
		F30AF78820E2E0D3003A34F0 /* View */ = {
			isa = PBXGroup;
			children = (
				F31D850120EB1B2500E33439 /* Components */,
				F30AF7B820E2F396003A34F0 /* Details */,
				F30AF7AA20E2E6DD003A34F0 /* Home */,
			);
			path = View;
			sourceTree = "<group>";
		};
		F30AF78920E2E0D3003A34F0 /* Infrastructure */ = {
			isa = PBXGroup;
			children = (
				F30AF7DD20E33B2F003A34F0 /* Error */,
				F30AF7A320E2E59C003A34F0 /* Localizable */,
				F30AF78A20E2E0D3003A34F0 /* AppDelegate.swift */,
				F30AF7E420E33CA7003A34F0 /* Environment.swift */,
			);
			path = Infrastructure;
			sourceTree = "<group>";
		};
		F30AF78B20E2E0D3003A34F0 /* Supporting Files */ = {
			isa = PBXGroup;
			children = (
				F30AF78C20E2E0D3003A34F0 /* Info.plist */,
			);
			path = "Supporting Files";
			sourceTree = "<group>";
		};
		F30AF79220E2E304003A34F0 /* Home */ = {
			isa = PBXGroup;
			children = (
				F30AF79320E2E329003A34F0 /* HomeCollectionViewController.swift */,
			);
			path = Home;
			sourceTree = "<group>";
		};
		F30AF79520E2E391003A34F0 /* Extensions */ = {
			isa = PBXGroup;
			children = (
				F30AF79920E2E44D003A34F0 /* IdentifiableExtension.swift */,
				F30AF7A820E2E688003A34F0 /* LocalizableStringExtension.swift */,
				F30AF7AF20E2EFE3003A34F0 /* CollectionViewExtension.swift */,
				F30AF7B620E2F34A003A34F0 /* ViewCustomizableExtension.swift */,
				F30AF7D320E339B2003A34F0 /* ReachabilityExtension.swift */,
				F30AF7FD20E34B77003A34F0 /* ViewExtension.swift */,
			);
			path = Extensions;
			sourceTree = "<group>";
		};
		F30AF79620E2E3CD003A34F0 /* Protocols */ = {
			isa = PBXGroup;
			children = (
				F30AF79720E2E408003A34F0 /* Identifiable.swift */,
				F30AF7B420E2F31C003A34F0 /* ViewCustomizable.swift */,
			);
			path = Protocols;
			sourceTree = "<group>";
		};
		F30AF79B20E2E4B7003A34F0 /* Request */ = {
			isa = PBXGroup;
			children = (
				F30AF7D520E33A08003A34F0 /* MovieListRequest.swift */,
				F30AF7EE20E33DEA003A34F0 /* MovieRequest.swift */,
				F31FC0ED20E5A0790049B449 /* TrailerRequest.swift */,
			);
			path = Request;
			sourceTree = "<group>";
		};
		F30AF79C20E2E4CD003A34F0 /* Movie */ = {
			isa = PBXGroup;
			children = (
				F30AF79D20E2E4EC003A34F0 /* Movie.swift */,
				F30AF79F20E2E518003A34F0 /* Genre.swift */,
				F30AF7A120E2E554003A34F0 /* MovieType.swift */,
				F30AF7BF20E2F538003A34F0 /* Credits.swift */,
				F30AF7C120E2F561003A34F0 /* Cast.swift */,
				F30AF7C320E2F58B003A34F0 /* Crew.swift */,
				F30AF7CF20E2F784003A34F0 /* MovieList.swift */,
				F31FC0EF20E5A1770049B449 /* Trailer.swift */,
				F31FC0F120E5A2C90049B449 /* TrailerList.swift */,
			);
			path = Movie;
			sourceTree = "<group>";
		};
		F30AF7A320E2E59C003A34F0 /* Localizable */ = {
			isa = PBXGroup;
			children = (
				F30AF7A420E2E5C6003A34F0 /* LocalizableStrings.swift */,
			);
			path = Localizable;
			sourceTree = "<group>";
		};
		F30AF7AA20E2E6DD003A34F0 /* Home */ = {
			isa = PBXGroup;
			children = (
				F30AF7AB20E2E705003A34F0 /* MovieCollectionViewCell.swift */,
			);
			path = Home;
			sourceTree = "<group>";
		};
		F30AF7B120E2F0CF003A34F0 /* Details */ = {
			isa = PBXGroup;
			children = (
				F30AF7B220E2F103003A34F0 /* DetailsViewController.swift */,
				F30AF7BB20E2F4C3003A34F0 /* CreditsCollectionViewController.swift */,
				F31FC0F320E5AE010049B449 /* TrailerCollectionViewController.swift */,
			);
			path = Details;
			sourceTree = "<group>";
		};
		F30AF7B820E2F396003A34F0 /* Details */ = {
			isa = PBXGroup;
			children = (
				F31FC10120E5DC080049B449 /* TrailerCollectionViewCell.swift */,
				F30AF7B920E2F3B0003A34F0 /* DetailsView.swift */,
				F30AF7BD20E2F4EF003A34F0 /* CreditsCollectionViewCell.swift */,
			);
			path = Details;
			sourceTree = "<group>";
		};
		F30AF7C520E2F668003A34F0 /* Manager */ = {
			isa = PBXGroup;
			children = (
				F30AF7F020E33E31003A34F0 /* Details */,
				F30AF7C720E2F681003A34F0 /* Home */,
				F30AF7C620E2F678003A34F0 /* Base */,
			);
			path = Manager;
			sourceTree = "<group>";
		};
		F30AF7C620E2F678003A34F0 /* Base */ = {
			isa = PBXGroup;
			children = (
				F30AF7C820E2F69A003A34F0 /* BaseManager.swift */,
			);
			path = Base;
			sourceTree = "<group>";
		};
		F30AF7C720E2F681003A34F0 /* Home */ = {
			isa = PBXGroup;
			children = (
				F30AF7CA20E2F6D4003A34F0 /* HomeManager.swift */,
			);
			path = Home;
			sourceTree = "<group>";
		};
		F30AF7CC20E2F70C003A34F0 /* Movie */ = {
			isa = PBXGroup;
			children = (
				F30AF7CD20E2F722003A34F0 /* MovieBusiness.swift */,
			);
			path = Movie;
			sourceTree = "<group>";
		};
		F30AF7D720E33A31003A34F0 /* API */ = {
			isa = PBXGroup;
			children = (
				F3B3A99820EAF71F00864983 /* Mocks */,
				F30AF7E120E33C1B003A34F0 /* Movie */,
				F30AF7D820E33A5D003A34F0 /* ApiProvider.swift */,
			);
			path = API;
			sourceTree = "<group>";
		};
		F30AF7DA20E33AA8003A34F0 /* Network */ = {
			isa = PBXGroup;
			children = (
				F30AF7DB20E33AC4003A34F0 /* NetworkProvider.swift */,
			);
			path = Network;
			sourceTree = "<group>";
		};
		F30AF7DD20E33B2F003A34F0 /* Error */ = {
			isa = PBXGroup;
			children = (
				F30AF7DE20E33B38003A34F0 /* ErrorTypes */,
				F30AF7F320E33ED4003A34F0 /* HandleError.swift */,
			);
			path = Error;
			sourceTree = "<group>";
		};
		F30AF7DE20E33B38003A34F0 /* ErrorTypes */ = {
			isa = PBXGroup;
			children = (
				F30AF7DF20E33BA5003A34F0 /* ApiError.swift */,
				F30AF7EC20E33D8F003A34F0 /* BusinessError.swift */,
			);
			path = ErrorTypes;
			sourceTree = "<group>";
		};
		F30AF7E120E33C1B003A34F0 /* Movie */ = {
			isa = PBXGroup;
			children = (
				F30AF7E220E33C3B003A34F0 /* MovieApiProtocol.swift */,
				F30AF7E620E33CEC003A34F0 /* MovieApiProvider.swift */,
				F30AF7E820E33D24003A34F0 /* MovieMockProvider.swift */,
				F30AF7EA20E33D59003A34F0 /* BaseMock.swift */,
			);
			path = Movie;
			sourceTree = "<group>";
		};
		F30AF7F020E33E31003A34F0 /* Details */ = {
			isa = PBXGroup;
			children = (
				F30AF7F120E33E51003A34F0 /* DetailsManager.swift */,
			);
			path = Details;
			sourceTree = "<group>";
		};
		F31D850120EB1B2500E33439 /* Components */ = {
			isa = PBXGroup;
			children = (
				F31D850220EB1B5E00E33439 /* GradientView.swift */,
			);
			path = Components;
			sourceTree = "<group>";
		};
		F38F1E0820EAD63C00125E71 /* Model */ = {
			isa = PBXGroup;
			children = (
				F38F1E0920EAD63C00125E71 /* GenreTests.swift */,
				F38F1E0A20EAD63C00125E71 /* CrewTests.swift */,
				F38F1E0B20EAD63C00125E71 /* MovieListTests.swift */,
				F38F1E0C20EAD63C00125E71 /* CreditsTests.swift */,
				F38F1E0D20EAD63C00125E71 /* MovieTests.swift */,
				F38F1E0E20EAD63C00125E71 /* CastTests.swift */,
				F38F1E1920EAE38E00125E71 /* TrailerListTests.swift */,
				F38F1E1B20EAE7EA00125E71 /* TrailerTests.swift */,
			);
			path = Model;
			sourceTree = "<group>";
		};
		F38F1E1D20EAECAB00125E71 /* Tests */ = {
			isa = PBXGroup;
			children = (
				F38F1E1F20EAED9F00125E71 /* BaseTests.swift */,
				F38F1E2120EAEE4300125E71 /* MoviesTests.swift */,
			);
			path = Tests;
			sourceTree = "<group>";
		};
		F38F1E1E20EAECB400125E71 /* Screens */ = {
			isa = PBXGroup;
			children = (
				F38F1E2320EAEE8200125E71 /* BaseScreen.swift */,
				F38F1E2520EAEF4500125E71 /* MoviesScreen.swift */,
				F3527F6B20EB0F3900C974DC /* DetailsScreen.swift */,
			);
			path = Screens;
			sourceTree = "<group>";
		};
		F38F1E2720EAEFED00125E71 /* Common */ = {
			isa = PBXGroup;
			children = (
				F38F1E2820EAF07000125E71 /* TestCaseExtension.swift */,
			);
			path = Common;
			sourceTree = "<group>";
		};
		F3B3A99820EAF71F00864983 /* Mocks */ = {
			isa = PBXGroup;
			children = (
				F3B3A99C20EAF74D00864983 /* credits.json */,
				F3B3A99B20EAF74C00864983 /* movie.json */,
				F3B3A99920EAF74C00864983 /* popular.json */,
				F3B3A99A20EAF74C00864983 /* upcoming.json */,
				F3B3A9A120EAF8DC00864983 /* trailers.json */,
			);
			path = Mocks;
			sourceTree = "<group>";
		};
		F3FA9C8920EA577E002154E4 /* Mocks */ = {
			isa = PBXGroup;
			children = (
				F3FA9C8F20EA57AF002154E4 /* cast.json */,
				F3FA9C8C20EA57AF002154E4 /* credits.json */,
				F3FA9C9020EA57AF002154E4 /* crew.json */,
				F3FA9C8D20EA57AF002154E4 /* empty.json */,
				F3FA9C9120EA57AF002154E4 /* fail.json */,
				F3FA9C8E20EA57AF002154E4 /* genre.json */,
				F3FA9C8A20EA57AF002154E4 /* movie_list.json */,
				F3FA9C8B20EA57AF002154E4 /* movie.json */,
				F38F1E1520EADF5700125E71 /* trailer.json */,
				F38F1E1720EAE15200125E71 /* trailer_list.json */,
			);
			path = Mocks;
			sourceTree = "<group>";
		};
		F3FA9C9A20EA57DA002154E4 /* Business */ = {
			isa = PBXGroup;
			children = (
				F3FA9C9B20EA581B002154E4 /* MovieBusinessTests.swift */,
				F3FA9C9C20EA581B002154E4 /* MovieProviderMock.swift */,
			);
			path = Business;
			sourceTree = "<group>";
		};
/* End PBXGroup section */

/* Begin PBXNativeTarget section */
		F30AF73A20E1A8E0003A34F0 /* ClaroChallenge */ = {
			isa = PBXNativeTarget;
			buildConfigurationList = F30AF76620E1A8E0003A34F0 /* Build configuration list for PBXNativeTarget "ClaroChallenge" */;
			buildPhases = (
				B6983F85490C544647D69FDF /* [CP] Check Pods Manifest.lock */,
				F30AF73720E1A8E0003A34F0 /* Sources */,
				F30AF73820E1A8E0003A34F0 /* Frameworks */,
				F30AF73920E1A8E0003A34F0 /* Resources */,
				F30AF76F20E1AA72003A34F0 /* SwiftLint */,
				71C40F5CF059E5BA6AE0058B /* [CP] Embed Pods Frameworks */,
				F30AF7FC20E34A3D003A34F0 /* Carthage */,
			);
			buildRules = (
			);
			dependencies = (
			);
			name = ClaroChallenge;
			productName = ClaroChallenge;
			productReference = F30AF73B20E1A8E0003A34F0 /* ClaroChallenge.app */;
			productType = "com.apple.product-type.application";
		};
		F30AF75120E1A8E0003A34F0 /* ClaroChallengeTests */ = {
			isa = PBXNativeTarget;
			buildConfigurationList = F30AF76920E1A8E0003A34F0 /* Build configuration list for PBXNativeTarget "ClaroChallengeTests" */;
			buildPhases = (
				3EA09413EB44D2A6DFCECDE6 /* [CP] Check Pods Manifest.lock */,
				F30AF74E20E1A8E0003A34F0 /* Sources */,
				F30AF74F20E1A8E0003A34F0 /* Frameworks */,
				F30AF75020E1A8E0003A34F0 /* Resources */,
			);
			buildRules = (
			);
			dependencies = (
				F30AF75420E1A8E0003A34F0 /* PBXTargetDependency */,
			);
			name = ClaroChallengeTests;
			productName = ClaroChallengeTests;
			productReference = F30AF75220E1A8E0003A34F0 /* ClaroChallengeTests.xctest */;
			productType = "com.apple.product-type.bundle.unit-test";
		};
		F30AF75C20E1A8E0003A34F0 /* ClaroChallengeUITests */ = {
			isa = PBXNativeTarget;
			buildConfigurationList = F30AF76C20E1A8E0003A34F0 /* Build configuration list for PBXNativeTarget "ClaroChallengeUITests" */;
			buildPhases = (
				789399D9127823F5C18BDB8E /* [CP] Check Pods Manifest.lock */,
				F30AF75920E1A8E0003A34F0 /* Sources */,
				F30AF75A20E1A8E0003A34F0 /* Frameworks */,
				F30AF75B20E1A8E0003A34F0 /* Resources */,
			);
			buildRules = (
			);
			dependencies = (
				F30AF75F20E1A8E0003A34F0 /* PBXTargetDependency */,
			);
			name = ClaroChallengeUITests;
			productName = ClaroChallengeUITests;
			productReference = F30AF75D20E1A8E0003A34F0 /* ClaroChallengeUITests.xctest */;
			productType = "com.apple.product-type.bundle.ui-testing";
		};
/* End PBXNativeTarget section */

/* Begin PBXProject section */
		F30AF73320E1A8E0003A34F0 /* Project object */ = {
			isa = PBXProject;
			attributes = {
				LastSwiftUpdateCheck = 0920;
				LastUpgradeCheck = 0940;
				ORGANIZATIONNAME = "Andre Luis Campopiano";
				TargetAttributes = {
					F30AF73A20E1A8E0003A34F0 = {
						CreatedOnToolsVersion = 9.2;
						ProvisioningStyle = Automatic;
					};
					F30AF75120E1A8E0003A34F0 = {
						CreatedOnToolsVersion = 9.2;
						ProvisioningStyle = Automatic;
						TestTargetID = F30AF73A20E1A8E0003A34F0;
					};
					F30AF75C20E1A8E0003A34F0 = {
						CreatedOnToolsVersion = 9.2;
						LastSwiftMigration = 0940;
						ProvisioningStyle = Automatic;
						TestTargetID = F30AF73A20E1A8E0003A34F0;
					};
				};
			};
			buildConfigurationList = F30AF73620E1A8E0003A34F0 /* Build configuration list for PBXProject "ClaroChallenge" */;
			compatibilityVersion = "Xcode 8.0";
			developmentRegion = en;
			hasScannedForEncodings = 0;
			knownRegions = (
				en,
				Base,
			);
			mainGroup = F30AF73220E1A8E0003A34F0;
			productRefGroup = F30AF73C20E1A8E0003A34F0 /* Products */;
			projectDirPath = "";
			projectRoot = "";
			targets = (
				F30AF73A20E1A8E0003A34F0 /* ClaroChallenge */,
				F30AF75120E1A8E0003A34F0 /* ClaroChallengeTests */,
				F30AF75C20E1A8E0003A34F0 /* ClaroChallengeUITests */,
			);
		};
/* End PBXProject section */

/* Begin PBXResourcesBuildPhase section */
		F30AF73920E1A8E0003A34F0 /* Resources */ = {
			isa = PBXResourcesBuildPhase;
			buildActionMask = 2147483647;
			files = (
				F3B3A99D20EAF74D00864983 /* popular.json in Resources */,
				F3B3A99E20EAF74D00864983 /* upcoming.json in Resources */,
				F3B3A9A020EAF74D00864983 /* credits.json in Resources */,
				F30AF78D20E2E0D3003A34F0 /* LaunchScreen.storyboard in Resources */,
				F30AF7A720E2E63B003A34F0 /* Localizable.strings in Resources */,
				F30AF78F20E2E0D3003A34F0 /* Assets.xcassets in Resources */,
				F3B3A99F20EAF74D00864983 /* movie.json in Resources */,
				F30AF78E20E2E0D3003A34F0 /* Main.storyboard in Resources */,
				F3B3A9A220EAF8DC00864983 /* trailers.json in Resources */,
			);
			runOnlyForDeploymentPostprocessing = 0;
		};
		F30AF75020E1A8E0003A34F0 /* Resources */ = {
			isa = PBXResourcesBuildPhase;
			buildActionMask = 2147483647;
			files = (
				F3FA9C9320EA57AF002154E4 /* movie.json in Resources */,
				F3FA9C9520EA57AF002154E4 /* empty.json in Resources */,
				F3FA9C9620EA57AF002154E4 /* genre.json in Resources */,
				F38F1E1820EAE15200125E71 /* trailer_list.json in Resources */,
				F3FA9C9220EA57AF002154E4 /* movie_list.json in Resources */,
				F3FA9C9720EA57AF002154E4 /* cast.json in Resources */,
				F38F1E1620EADF5700125E71 /* trailer.json in Resources */,
				F3FA9C9920EA57AF002154E4 /* fail.json in Resources */,
				F3FA9C9820EA57AF002154E4 /* crew.json in Resources */,
				F3FA9C9420EA57AF002154E4 /* credits.json in Resources */,
			);
			runOnlyForDeploymentPostprocessing = 0;
		};
		F30AF75B20E1A8E0003A34F0 /* Resources */ = {
			isa = PBXResourcesBuildPhase;
			buildActionMask = 2147483647;
			files = (
			);
			runOnlyForDeploymentPostprocessing = 0;
		};
/* End PBXResourcesBuildPhase section */

/* Begin PBXShellScriptBuildPhase section */
		3EA09413EB44D2A6DFCECDE6 /* [CP] Check Pods Manifest.lock */ = {
			isa = PBXShellScriptBuildPhase;
			buildActionMask = 2147483647;
			files = (
			);
			inputPaths = (
				"${PODS_PODFILE_DIR_PATH}/Podfile.lock",
				"${PODS_ROOT}/Manifest.lock",
			);
			name = "[CP] Check Pods Manifest.lock";
			outputPaths = (
				"$(DERIVED_FILE_DIR)/Pods-ClaroChallengeTests-checkManifestLockResult.txt",
			);
			runOnlyForDeploymentPostprocessing = 0;
			shellPath = /bin/sh;
			shellScript = "diff \"${PODS_PODFILE_DIR_PATH}/Podfile.lock\" \"${PODS_ROOT}/Manifest.lock\" > /dev/null\nif [ $? != 0 ] ; then\n    # print error to STDERR\n    echo \"error: The sandbox is not in sync with the Podfile.lock. Run 'pod install' or update your CocoaPods installation.\" >&2\n    exit 1\nfi\n# This output is used by Xcode 'outputs' to avoid re-running this script phase.\necho \"SUCCESS\" > \"${SCRIPT_OUTPUT_FILE_0}\"\n";
			showEnvVarsInLog = 0;
		};
		71C40F5CF059E5BA6AE0058B /* [CP] Embed Pods Frameworks */ = {
			isa = PBXShellScriptBuildPhase;
			buildActionMask = 2147483647;
			files = (
			);
			inputPaths = (
				"${SRCROOT}/Pods/Target Support Files/Pods-ClaroChallenge/Pods-ClaroChallenge-frameworks.sh",
				"${BUILT_PRODUCTS_DIR}/ElasticTransition/ElasticTransition.framework",
				"${BUILT_PRODUCTS_DIR}/MotionAnimation/MotionAnimation.framework",
			);
			name = "[CP] Embed Pods Frameworks";
			outputPaths = (
				"${TARGET_BUILD_DIR}/${FRAMEWORKS_FOLDER_PATH}/ElasticTransition.framework",
				"${TARGET_BUILD_DIR}/${FRAMEWORKS_FOLDER_PATH}/MotionAnimation.framework",
			);
			runOnlyForDeploymentPostprocessing = 0;
			shellPath = /bin/sh;
			shellScript = "\"${SRCROOT}/Pods/Target Support Files/Pods-ClaroChallenge/Pods-ClaroChallenge-frameworks.sh\"\n";
			showEnvVarsInLog = 0;
		};
		789399D9127823F5C18BDB8E /* [CP] Check Pods Manifest.lock */ = {
			isa = PBXShellScriptBuildPhase;
			buildActionMask = 2147483647;
			files = (
			);
			inputPaths = (
				"${PODS_PODFILE_DIR_PATH}/Podfile.lock",
				"${PODS_ROOT}/Manifest.lock",
			);
			name = "[CP] Check Pods Manifest.lock";
			outputPaths = (
				"$(DERIVED_FILE_DIR)/Pods-ClaroChallengeUITests-checkManifestLockResult.txt",
			);
			runOnlyForDeploymentPostprocessing = 0;
			shellPath = /bin/sh;
			shellScript = "diff \"${PODS_PODFILE_DIR_PATH}/Podfile.lock\" \"${PODS_ROOT}/Manifest.lock\" > /dev/null\nif [ $? != 0 ] ; then\n    # print error to STDERR\n    echo \"error: The sandbox is not in sync with the Podfile.lock. Run 'pod install' or update your CocoaPods installation.\" >&2\n    exit 1\nfi\n# This output is used by Xcode 'outputs' to avoid re-running this script phase.\necho \"SUCCESS\" > \"${SCRIPT_OUTPUT_FILE_0}\"\n";
			showEnvVarsInLog = 0;
		};
		B6983F85490C544647D69FDF /* [CP] Check Pods Manifest.lock */ = {
			isa = PBXShellScriptBuildPhase;
			buildActionMask = 2147483647;
			files = (
			);
			inputPaths = (
				"${PODS_PODFILE_DIR_PATH}/Podfile.lock",
				"${PODS_ROOT}/Manifest.lock",
			);
			name = "[CP] Check Pods Manifest.lock";
			outputPaths = (
				"$(DERIVED_FILE_DIR)/Pods-ClaroChallenge-checkManifestLockResult.txt",
			);
			runOnlyForDeploymentPostprocessing = 0;
			shellPath = /bin/sh;
			shellScript = "diff \"${PODS_PODFILE_DIR_PATH}/Podfile.lock\" \"${PODS_ROOT}/Manifest.lock\" > /dev/null\nif [ $? != 0 ] ; then\n    # print error to STDERR\n    echo \"error: The sandbox is not in sync with the Podfile.lock. Run 'pod install' or update your CocoaPods installation.\" >&2\n    exit 1\nfi\n# This output is used by Xcode 'outputs' to avoid re-running this script phase.\necho \"SUCCESS\" > \"${SCRIPT_OUTPUT_FILE_0}\"\n";
			showEnvVarsInLog = 0;
		};
		F30AF76F20E1AA72003A34F0 /* SwiftLint */ = {
			isa = PBXShellScriptBuildPhase;
			buildActionMask = 2147483647;
			files = (
			);
			inputPaths = (
			);
			name = SwiftLint;
			outputPaths = (
			);
			runOnlyForDeploymentPostprocessing = 0;
			shellPath = /bin/sh;
			shellScript = "\"${PODS_ROOT}/SwiftLint/swiftlint\"";
		};
		F30AF7FC20E34A3D003A34F0 /* Carthage */ = {
			isa = PBXShellScriptBuildPhase;
			buildActionMask = 2147483647;
			files = (
			);
			inputPaths = (
				"$(SRCROOT)/Carthage/Build/iOS/SwiftMessages.framework",
				"$(SRCROOT)/Carthage/Build/iOS/Kingfisher.framework",
				"$(SRCROOT)/Carthage/Build/iOS/Reachability.framework",
				"$(SRCROOT)/Carthage/Build/iOS/Clappr.framework",
			);
			name = Carthage;
			outputPaths = (
				"$(BUILT_PRODUCTS_DIR)/$(FRAMEWORKS_FOLDER_PATH)/SwiftMessages.framework",
				"$(BUILT_PRODUCTS_DIR)/$(FRAMEWORKS_FOLDER_PATH)/Reachability.framework",
				"$(BUILT_PRODUCTS_DIR)/$(FRAMEWORKS_FOLDER_PATH)/Kingfisher.framework",
				"$(BUILT_PRODUCTS_DIR)/$(FRAMEWORKS_FOLDER_PATH)/Clappr.framework",
			);
			runOnlyForDeploymentPostprocessing = 0;
			shellPath = /bin/sh;
			shellScript = "/usr/local/bin/carthage copy-frameworks";
		};
/* End PBXShellScriptBuildPhase section */

/* Begin PBXSourcesBuildPhase section */
		F30AF73720E1A8E0003A34F0 /* Sources */ = {
			isa = PBXSourcesBuildPhase;
			buildActionMask = 2147483647;
			files = (
				F30AF7C020E2F538003A34F0 /* Credits.swift in Sources */,
				F30AF7E520E33CA7003A34F0 /* Environment.swift in Sources */,
				F30AF7B520E2F31C003A34F0 /* ViewCustomizable.swift in Sources */,
				F30AF7DC20E33AC4003A34F0 /* NetworkProvider.swift in Sources */,
				F30AF7CE20E2F722003A34F0 /* MovieBusiness.swift in Sources */,
				F30AF7D020E2F784003A34F0 /* MovieList.swift in Sources */,
				F30AF7C920E2F69A003A34F0 /* BaseManager.swift in Sources */,
				F30AF7E920E33D24003A34F0 /* MovieMockProvider.swift in Sources */,
				F30AF7D920E33A5D003A34F0 /* ApiProvider.swift in Sources */,
				F30AF7EB20E33D59003A34F0 /* BaseMock.swift in Sources */,
				F30AF7BC20E2F4C3003A34F0 /* CreditsCollectionViewController.swift in Sources */,
				F30AF7A920E2E688003A34F0 /* LocalizableStringExtension.swift in Sources */,
				F30AF7F220E33E51003A34F0 /* DetailsManager.swift in Sources */,
				F30AF7E320E33C3B003A34F0 /* MovieApiProtocol.swift in Sources */,
				F30AF7FE20E34B77003A34F0 /* ViewExtension.swift in Sources */,
				F30AF7B720E2F34A003A34F0 /* ViewCustomizableExtension.swift in Sources */,
				F30AF7F420E33ED4003A34F0 /* HandleError.swift in Sources */,
				F30AF79420E2E329003A34F0 /* HomeCollectionViewController.swift in Sources */,
				F30AF79A20E2E44D003A34F0 /* IdentifiableExtension.swift in Sources */,
				F31FC0F020E5A1770049B449 /* Trailer.swift in Sources */,
				F30AF7ED20E33D8F003A34F0 /* BusinessError.swift in Sources */,
				F30AF79E20E2E4EC003A34F0 /* Movie.swift in Sources */,
				F30AF7B020E2EFE3003A34F0 /* CollectionViewExtension.swift in Sources */,
				F30AF79820E2E408003A34F0 /* Identifiable.swift in Sources */,
				F31D850320EB1B5E00E33439 /* GradientView.swift in Sources */,
				F30AF7A520E2E5C6003A34F0 /* LocalizableStrings.swift in Sources */,
				F30AF7D420E339B2003A34F0 /* ReachabilityExtension.swift in Sources */,
				F30AF7D620E33A08003A34F0 /* MovieListRequest.swift in Sources */,
				F30AF7A220E2E554003A34F0 /* MovieType.swift in Sources */,
				F30AF7C220E2F561003A34F0 /* Cast.swift in Sources */,
				F31FC0EE20E5A0790049B449 /* TrailerRequest.swift in Sources */,
				F30AF79020E2E0D3003A34F0 /* AppDelegate.swift in Sources */,
				F30AF7AC20E2E705003A34F0 /* MovieCollectionViewCell.swift in Sources */,
				F30AF74720E1A8E0003A34F0 /* ClaroChallenge.xcdatamodeld in Sources */,
				F31FC0F220E5A2CA0049B449 /* TrailerList.swift in Sources */,
				F30AF7E020E33BA5003A34F0 /* ApiError.swift in Sources */,
				F30AF7BA20E2F3B0003A34F0 /* DetailsView.swift in Sources */,
				F31FC0F420E5AE010049B449 /* TrailerCollectionViewController.swift in Sources */,
				F31FC10220E5DC090049B449 /* TrailerCollectionViewCell.swift in Sources */,
				F30AF7CB20E2F6D4003A34F0 /* HomeManager.swift in Sources */,
				F30AF7C420E2F58B003A34F0 /* Crew.swift in Sources */,
				F30AF7E720E33CEC003A34F0 /* MovieApiProvider.swift in Sources */,
				F30AF7B320E2F103003A34F0 /* DetailsViewController.swift in Sources */,
				F30AF7EF20E33DEA003A34F0 /* MovieRequest.swift in Sources */,
				F30AF7A020E2E518003A34F0 /* Genre.swift in Sources */,
				F30AF7BE20E2F4EF003A34F0 /* CreditsCollectionViewCell.swift in Sources */,
			);
			runOnlyForDeploymentPostprocessing = 0;
		};
		F30AF74E20E1A8E0003A34F0 /* Sources */ = {
			isa = PBXSourcesBuildPhase;
			buildActionMask = 2147483647;
			files = (
				F3FA9C9D20EA581B002154E4 /* MovieBusinessTests.swift in Sources */,
				F38F1E1A20EAE38E00125E71 /* TrailerListTests.swift in Sources */,
				F3FA9C9E20EA581B002154E4 /* MovieProviderMock.swift in Sources */,
				F38F1E1220EAD63C00125E71 /* CreditsTests.swift in Sources */,
				F38F1E1120EAD63C00125E71 /* MovieListTests.swift in Sources */,
				F38F1E1C20EAE7EA00125E71 /* TrailerTests.swift in Sources */,
				F38F1E1420EAD63C00125E71 /* CastTests.swift in Sources */,
				F38F1E1020EAD63C00125E71 /* CrewTests.swift in Sources */,
				F30AF75720E1A8E0003A34F0 /* ClaroChallengeTests.swift in Sources */,
				F38F1E1320EAD63C00125E71 /* MovieTests.swift in Sources */,
				F38F1E0F20EAD63C00125E71 /* GenreTests.swift in Sources */,
			);
			runOnlyForDeploymentPostprocessing = 0;
		};
		F30AF75920E1A8E0003A34F0 /* Sources */ = {
			isa = PBXSourcesBuildPhase;
			buildActionMask = 2147483647;
			files = (
				F38F1E2620EAEF4500125E71 /* MoviesScreen.swift in Sources */,
				F38F1E2220EAEE4300125E71 /* MoviesTests.swift in Sources */,
				F38F1E2020EAED9F00125E71 /* BaseTests.swift in Sources */,
				F38F1E2420EAEE8200125E71 /* BaseScreen.swift in Sources */,
				F3527F6C20EB0F3900C974DC /* DetailsScreen.swift in Sources */,
				F38F1E2920EAF07000125E71 /* TestCaseExtension.swift in Sources */,
			);
			runOnlyForDeploymentPostprocessing = 0;
		};
/* End PBXSourcesBuildPhase section */

/* Begin PBXTargetDependency section */
		F30AF75420E1A8E0003A34F0 /* PBXTargetDependency */ = {
			isa = PBXTargetDependency;
			target = F30AF73A20E1A8E0003A34F0 /* ClaroChallenge */;
			targetProxy = F30AF75320E1A8E0003A34F0 /* PBXContainerItemProxy */;
		};
		F30AF75F20E1A8E0003A34F0 /* PBXTargetDependency */ = {
			isa = PBXTargetDependency;
			target = F30AF73A20E1A8E0003A34F0 /* ClaroChallenge */;
			targetProxy = F30AF75E20E1A8E0003A34F0 /* PBXContainerItemProxy */;
		};
/* End PBXTargetDependency section */

/* Begin PBXVariantGroup section */
		F30AF77B20E2E0D3003A34F0 /* LaunchScreen.storyboard */ = {
			isa = PBXVariantGroup;
			children = (
				F30AF77C20E2E0D3003A34F0 /* Base */,
			);
			name = LaunchScreen.storyboard;
			sourceTree = "<group>";
		};
		F30AF77D20E2E0D3003A34F0 /* Main.storyboard */ = {
			isa = PBXVariantGroup;
			children = (
				F30AF77E20E2E0D3003A34F0 /* Base */,
			);
			name = Main.storyboard;
			sourceTree = "<group>";
		};
/* End PBXVariantGroup section */

/* Begin XCBuildConfiguration section */
		F30AF76420E1A8E0003A34F0 /* Debug */ = {
			isa = XCBuildConfiguration;
			buildSettings = {
				ALWAYS_SEARCH_USER_PATHS = NO;
				CLANG_ANALYZER_NONNULL = YES;
				CLANG_ANALYZER_NUMBER_OBJECT_CONVERSION = YES_AGGRESSIVE;
				CLANG_CXX_LANGUAGE_STANDARD = "gnu++14";
				CLANG_CXX_LIBRARY = "libc++";
				CLANG_ENABLE_MODULES = YES;
				CLANG_ENABLE_OBJC_ARC = YES;
				CLANG_WARN_BLOCK_CAPTURE_AUTORELEASING = YES;
				CLANG_WARN_BOOL_CONVERSION = YES;
				CLANG_WARN_COMMA = YES;
				CLANG_WARN_CONSTANT_CONVERSION = YES;
				CLANG_WARN_DEPRECATED_OBJC_IMPLEMENTATIONS = YES;
				CLANG_WARN_DIRECT_OBJC_ISA_USAGE = YES_ERROR;
				CLANG_WARN_DOCUMENTATION_COMMENTS = YES;
				CLANG_WARN_EMPTY_BODY = YES;
				CLANG_WARN_ENUM_CONVERSION = YES;
				CLANG_WARN_INFINITE_RECURSION = YES;
				CLANG_WARN_INT_CONVERSION = YES;
				CLANG_WARN_NON_LITERAL_NULL_CONVERSION = YES;
				CLANG_WARN_OBJC_IMPLICIT_RETAIN_SELF = YES;
				CLANG_WARN_OBJC_LITERAL_CONVERSION = YES;
				CLANG_WARN_OBJC_ROOT_CLASS = YES_ERROR;
				CLANG_WARN_RANGE_LOOP_ANALYSIS = YES;
				CLANG_WARN_STRICT_PROTOTYPES = YES;
				CLANG_WARN_SUSPICIOUS_MOVE = YES;
				CLANG_WARN_UNGUARDED_AVAILABILITY = YES_AGGRESSIVE;
				CLANG_WARN_UNREACHABLE_CODE = YES;
				CLANG_WARN__DUPLICATE_METHOD_MATCH = YES;
				CODE_SIGN_IDENTITY = "iPhone Developer";
				COPY_PHASE_STRIP = NO;
				DEBUG_INFORMATION_FORMAT = dwarf;
				ENABLE_STRICT_OBJC_MSGSEND = YES;
				ENABLE_TESTABILITY = YES;
				GCC_C_LANGUAGE_STANDARD = gnu11;
				GCC_DYNAMIC_NO_PIC = NO;
				GCC_NO_COMMON_BLOCKS = YES;
				GCC_OPTIMIZATION_LEVEL = 0;
				GCC_PREPROCESSOR_DEFINITIONS = (
					"DEBUG=1",
					"$(inherited)",
				);
				GCC_WARN_64_TO_32_BIT_CONVERSION = YES;
				GCC_WARN_ABOUT_RETURN_TYPE = YES_ERROR;
				GCC_WARN_UNDECLARED_SELECTOR = YES;
				GCC_WARN_UNINITIALIZED_AUTOS = YES_AGGRESSIVE;
				GCC_WARN_UNUSED_FUNCTION = YES;
				GCC_WARN_UNUSED_VARIABLE = YES;
				IPHONEOS_DEPLOYMENT_TARGET = 11.2;
				MTL_ENABLE_DEBUG_INFO = YES;
				ONLY_ACTIVE_ARCH = YES;
				SDKROOT = iphoneos;
				SWIFT_ACTIVE_COMPILATION_CONDITIONS = DEBUG;
				SWIFT_OPTIMIZATION_LEVEL = "-Onone";
			};
			name = Debug;
		};
		F30AF76520E1A8E0003A34F0 /* Release */ = {
			isa = XCBuildConfiguration;
			buildSettings = {
				ALWAYS_SEARCH_USER_PATHS = NO;
				CLANG_ANALYZER_NONNULL = YES;
				CLANG_ANALYZER_NUMBER_OBJECT_CONVERSION = YES_AGGRESSIVE;
				CLANG_CXX_LANGUAGE_STANDARD = "gnu++14";
				CLANG_CXX_LIBRARY = "libc++";
				CLANG_ENABLE_MODULES = YES;
				CLANG_ENABLE_OBJC_ARC = YES;
				CLANG_WARN_BLOCK_CAPTURE_AUTORELEASING = YES;
				CLANG_WARN_BOOL_CONVERSION = YES;
				CLANG_WARN_COMMA = YES;
				CLANG_WARN_CONSTANT_CONVERSION = YES;
				CLANG_WARN_DEPRECATED_OBJC_IMPLEMENTATIONS = YES;
				CLANG_WARN_DIRECT_OBJC_ISA_USAGE = YES_ERROR;
				CLANG_WARN_DOCUMENTATION_COMMENTS = YES;
				CLANG_WARN_EMPTY_BODY = YES;
				CLANG_WARN_ENUM_CONVERSION = YES;
				CLANG_WARN_INFINITE_RECURSION = YES;
				CLANG_WARN_INT_CONVERSION = YES;
				CLANG_WARN_NON_LITERAL_NULL_CONVERSION = YES;
				CLANG_WARN_OBJC_IMPLICIT_RETAIN_SELF = YES;
				CLANG_WARN_OBJC_LITERAL_CONVERSION = YES;
				CLANG_WARN_OBJC_ROOT_CLASS = YES_ERROR;
				CLANG_WARN_RANGE_LOOP_ANALYSIS = YES;
				CLANG_WARN_STRICT_PROTOTYPES = YES;
				CLANG_WARN_SUSPICIOUS_MOVE = YES;
				CLANG_WARN_UNGUARDED_AVAILABILITY = YES_AGGRESSIVE;
				CLANG_WARN_UNREACHABLE_CODE = YES;
				CLANG_WARN__DUPLICATE_METHOD_MATCH = YES;
				CODE_SIGN_IDENTITY = "iPhone Developer";
				COPY_PHASE_STRIP = NO;
				DEBUG_INFORMATION_FORMAT = "dwarf-with-dsym";
				ENABLE_NS_ASSERTIONS = NO;
				ENABLE_STRICT_OBJC_MSGSEND = YES;
				GCC_C_LANGUAGE_STANDARD = gnu11;
				GCC_NO_COMMON_BLOCKS = YES;
				GCC_WARN_64_TO_32_BIT_CONVERSION = YES;
				GCC_WARN_ABOUT_RETURN_TYPE = YES_ERROR;
				GCC_WARN_UNDECLARED_SELECTOR = YES;
				GCC_WARN_UNINITIALIZED_AUTOS = YES_AGGRESSIVE;
				GCC_WARN_UNUSED_FUNCTION = YES;
				GCC_WARN_UNUSED_VARIABLE = YES;
				IPHONEOS_DEPLOYMENT_TARGET = 11.2;
				MTL_ENABLE_DEBUG_INFO = NO;
				SDKROOT = iphoneos;
				SWIFT_OPTIMIZATION_LEVEL = "-Owholemodule";
				VALIDATE_PRODUCT = YES;
			};
			name = Release;
		};
		F30AF76720E1A8E0003A34F0 /* Debug */ = {
			isa = XCBuildConfiguration;
			baseConfigurationReference = 798F4B2FD92AF798D18B3C04 /* Pods-ClaroChallenge.debug.xcconfig */;
			buildSettings = {
				ASSETCATALOG_COMPILER_APPICON_NAME = AppIcon;
				CODE_SIGN_IDENTITY = "iPhone Developer";
				CODE_SIGN_STYLE = Automatic;
				DEVELOPMENT_TEAM = FLM2WYKE6E;
				FRAMEWORK_SEARCH_PATHS = (
					"$(inherited)",
					"$(PROJECT_DIR)/Carthage/Build/iOS",
				);
				INFOPLIST_FILE = "$(SRCROOT)/ClaroChallenge/Supporting Files/Info.plist";
				LD_RUNPATH_SEARCH_PATHS = "$(inherited) @executable_path/Frameworks";
				OTHER_SWIFT_FLAGS = "$(inherited) \"-D\" \"COCOAPODS\" \"-DDEBUG\"";
				PRODUCT_BUNDLE_IDENTIFIER = br.com.campopiano.ClaroChallenge;
				PRODUCT_NAME = "$(TARGET_NAME)";
				PROVISIONING_PROFILE_SPECIFIER = "";
				SWIFT_VERSION = 4.0;
				TARGETED_DEVICE_FAMILY = "1,2";
			};
			name = Debug;
		};
		F30AF76820E1A8E0003A34F0 /* Release */ = {
			isa = XCBuildConfiguration;
			baseConfigurationReference = 5F876C92714429F65267E357 /* Pods-ClaroChallenge.release.xcconfig */;
			buildSettings = {
				ASSETCATALOG_COMPILER_APPICON_NAME = AppIcon;
				CODE_SIGN_IDENTITY = "iPhone Developer";
				CODE_SIGN_STYLE = Automatic;
				DEVELOPMENT_TEAM = FLM2WYKE6E;
				FRAMEWORK_SEARCH_PATHS = (
					"$(inherited)",
					"$(PROJECT_DIR)/Carthage/Build/iOS",
				);
				INFOPLIST_FILE = "$(SRCROOT)/ClaroChallenge/Supporting Files/Info.plist";
				LD_RUNPATH_SEARCH_PATHS = "$(inherited) @executable_path/Frameworks";
				PRODUCT_BUNDLE_IDENTIFIER = br.com.campopiano.ClaroChallenge;
				PRODUCT_NAME = "$(TARGET_NAME)";
				PROVISIONING_PROFILE_SPECIFIER = "";
				SWIFT_VERSION = 4.0;
				TARGETED_DEVICE_FAMILY = "1,2";
			};
			name = Release;
		};
		F30AF76A20E1A8E0003A34F0 /* Debug */ = {
			isa = XCBuildConfiguration;
			baseConfigurationReference = F94FC35F1BAE45F484A6F34A /* Pods-ClaroChallengeTests.debug.xcconfig */;
			buildSettings = {
				ALWAYS_EMBED_SWIFT_STANDARD_LIBRARIES = YES;
				BUNDLE_LOADER = "$(TEST_HOST)";
				CODE_SIGN_STYLE = Automatic;
				DEVELOPMENT_TEAM = FLM2WYKE6E;
				INFOPLIST_FILE = ClaroChallengeTests/Info.plist;
				LD_RUNPATH_SEARCH_PATHS = "$(inherited) @executable_path/Frameworks @loader_path/Frameworks";
				PRODUCT_BUNDLE_IDENTIFIER = br.com.campopiano.ClaroChallengeTests;
				PRODUCT_NAME = "$(TARGET_NAME)";
				SWIFT_VERSION = 4.0;
				TARGETED_DEVICE_FAMILY = "1,2";
				TEST_HOST = "$(BUILT_PRODUCTS_DIR)/ClaroChallenge.app/ClaroChallenge";
			};
			name = Debug;
		};
		F30AF76B20E1A8E0003A34F0 /* Release */ = {
			isa = XCBuildConfiguration;
			baseConfigurationReference = B15D6D6C604E6B6757D47EB2 /* Pods-ClaroChallengeTests.release.xcconfig */;
			buildSettings = {
				ALWAYS_EMBED_SWIFT_STANDARD_LIBRARIES = YES;
				BUNDLE_LOADER = "$(TEST_HOST)";
				CODE_SIGN_STYLE = Automatic;
				DEVELOPMENT_TEAM = FLM2WYKE6E;
				INFOPLIST_FILE = ClaroChallengeTests/Info.plist;
				LD_RUNPATH_SEARCH_PATHS = "$(inherited) @executable_path/Frameworks @loader_path/Frameworks";
				PRODUCT_BUNDLE_IDENTIFIER = br.com.campopiano.ClaroChallengeTests;
				PRODUCT_NAME = "$(TARGET_NAME)";
				SWIFT_VERSION = 4.0;
				TARGETED_DEVICE_FAMILY = "1,2";
				TEST_HOST = "$(BUILT_PRODUCTS_DIR)/ClaroChallenge.app/ClaroChallenge";
			};
			name = Release;
		};
		F30AF76D20E1A8E0003A34F0 /* Debug */ = {
			isa = XCBuildConfiguration;
			baseConfigurationReference = F744B52B33255318AB3E336F /* Pods-ClaroChallengeUITests.debug.xcconfig */;
			buildSettings = {
				ALWAYS_EMBED_SWIFT_STANDARD_LIBRARIES = YES;
				CLANG_ENABLE_MODULES = YES;
				CODE_SIGN_STYLE = Automatic;
				DEVELOPMENT_TEAM = FLM2WYKE6E;
				INFOPLIST_FILE = ClaroChallengeUITests/Info.plist;
				LD_RUNPATH_SEARCH_PATHS = "$(inherited) @executable_path/Frameworks @loader_path/Frameworks";
				PRODUCT_BUNDLE_IDENTIFIER = br.com.campopiano.ClaroChallengeUITests;
				PRODUCT_NAME = "$(TARGET_NAME)";
				SWIFT_OPTIMIZATION_LEVEL = "-Onone";
				SWIFT_VERSION = 4.0;
				TARGETED_DEVICE_FAMILY = "1,2";
				TEST_TARGET_NAME = ClaroChallenge;
			};
			name = Debug;
		};
		F30AF76E20E1A8E0003A34F0 /* Release */ = {
			isa = XCBuildConfiguration;
			baseConfigurationReference = 1EBE31266BC216F2BE25D673 /* Pods-ClaroChallengeUITests.release.xcconfig */;
			buildSettings = {
				ALWAYS_EMBED_SWIFT_STANDARD_LIBRARIES = YES;
				CLANG_ENABLE_MODULES = YES;
				CODE_SIGN_STYLE = Automatic;
				DEVELOPMENT_TEAM = FLM2WYKE6E;
				INFOPLIST_FILE = ClaroChallengeUITests/Info.plist;
				LD_RUNPATH_SEARCH_PATHS = "$(inherited) @executable_path/Frameworks @loader_path/Frameworks";
				PRODUCT_BUNDLE_IDENTIFIER = br.com.campopiano.ClaroChallengeUITests;
				PRODUCT_NAME = "$(TARGET_NAME)";
				SWIFT_VERSION = 4.0;
				TARGETED_DEVICE_FAMILY = "1,2";
				TEST_TARGET_NAME = ClaroChallenge;
			};
			name = Release;
		};
		F3B3A9A320EAFA8600864983 /* Mock */ = {
			isa = XCBuildConfiguration;
			buildSettings = {
				ALWAYS_SEARCH_USER_PATHS = NO;
				CLANG_ANALYZER_NONNULL = YES;
				CLANG_ANALYZER_NUMBER_OBJECT_CONVERSION = YES_AGGRESSIVE;
				CLANG_CXX_LANGUAGE_STANDARD = "gnu++14";
				CLANG_CXX_LIBRARY = "libc++";
				CLANG_ENABLE_MODULES = YES;
				CLANG_ENABLE_OBJC_ARC = YES;
				CLANG_WARN_BLOCK_CAPTURE_AUTORELEASING = YES;
				CLANG_WARN_BOOL_CONVERSION = YES;
				CLANG_WARN_COMMA = YES;
				CLANG_WARN_CONSTANT_CONVERSION = YES;
				CLANG_WARN_DEPRECATED_OBJC_IMPLEMENTATIONS = YES;
				CLANG_WARN_DIRECT_OBJC_ISA_USAGE = YES_ERROR;
				CLANG_WARN_DOCUMENTATION_COMMENTS = YES;
				CLANG_WARN_EMPTY_BODY = YES;
				CLANG_WARN_ENUM_CONVERSION = YES;
				CLANG_WARN_INFINITE_RECURSION = YES;
				CLANG_WARN_INT_CONVERSION = YES;
				CLANG_WARN_NON_LITERAL_NULL_CONVERSION = YES;
				CLANG_WARN_OBJC_IMPLICIT_RETAIN_SELF = YES;
				CLANG_WARN_OBJC_LITERAL_CONVERSION = YES;
				CLANG_WARN_OBJC_ROOT_CLASS = YES_ERROR;
				CLANG_WARN_RANGE_LOOP_ANALYSIS = YES;
				CLANG_WARN_STRICT_PROTOTYPES = YES;
				CLANG_WARN_SUSPICIOUS_MOVE = YES;
				CLANG_WARN_UNGUARDED_AVAILABILITY = YES_AGGRESSIVE;
				CLANG_WARN_UNREACHABLE_CODE = YES;
				CLANG_WARN__DUPLICATE_METHOD_MATCH = YES;
				CODE_SIGN_IDENTITY = "iPhone Developer";
				COPY_PHASE_STRIP = NO;
				DEBUG_INFORMATION_FORMAT = dwarf;
				ENABLE_STRICT_OBJC_MSGSEND = YES;
				ENABLE_TESTABILITY = YES;
				GCC_C_LANGUAGE_STANDARD = gnu11;
				GCC_DYNAMIC_NO_PIC = NO;
				GCC_NO_COMMON_BLOCKS = YES;
				GCC_OPTIMIZATION_LEVEL = 0;
				GCC_PREPROCESSOR_DEFINITIONS = (
					"DEBUG=1",
					"$(inherited)",
				);
				GCC_WARN_64_TO_32_BIT_CONVERSION = YES;
				GCC_WARN_ABOUT_RETURN_TYPE = YES_ERROR;
				GCC_WARN_UNDECLARED_SELECTOR = YES;
				GCC_WARN_UNINITIALIZED_AUTOS = YES_AGGRESSIVE;
				GCC_WARN_UNUSED_FUNCTION = YES;
				GCC_WARN_UNUSED_VARIABLE = YES;
				IPHONEOS_DEPLOYMENT_TARGET = 11.2;
				MTL_ENABLE_DEBUG_INFO = YES;
				ONLY_ACTIVE_ARCH = YES;
				SDKROOT = iphoneos;
				SWIFT_ACTIVE_COMPILATION_CONDITIONS = DEBUG;
				SWIFT_OPTIMIZATION_LEVEL = "-Onone";
			};
			name = Mock;
		};
		F3B3A9A420EAFA8600864983 /* Mock */ = {
			isa = XCBuildConfiguration;
			baseConfigurationReference = C415D858D7ED79CE3596BB5B /* Pods-ClaroChallenge.mock.xcconfig */;
			buildSettings = {
				ASSETCATALOG_COMPILER_APPICON_NAME = AppIcon;
				CODE_SIGN_IDENTITY = "iPhone Developer";
				CODE_SIGN_STYLE = Automatic;
				DEVELOPMENT_TEAM = FLM2WYKE6E;
				FRAMEWORK_SEARCH_PATHS = (
					"$(inherited)",
					"$(PROJECT_DIR)/Carthage/Build/iOS",
				);
				INFOPLIST_FILE = "$(SRCROOT)/ClaroChallenge/Supporting Files/Info.plist";
				LD_RUNPATH_SEARCH_PATHS = "$(inherited) @executable_path/Frameworks";
				OTHER_SWIFT_FLAGS = "$(inherited) \"-D\" \"COCOAPODS\" \"-DMOCK\"";
				PRODUCT_BUNDLE_IDENTIFIER = br.com.campopiano.ClaroChallenge;
				PRODUCT_NAME = "$(TARGET_NAME)";
				PROVISIONING_PROFILE_SPECIFIER = "";
				SWIFT_VERSION = 4.0;
				TARGETED_DEVICE_FAMILY = "1,2";
			};
			name = Mock;
		};
		F3B3A9A520EAFA8600864983 /* Mock */ = {
			isa = XCBuildConfiguration;
			baseConfigurationReference = B55F0EF1D942EE0F7F80EBC8 /* Pods-ClaroChallengeTests.mock.xcconfig */;
			buildSettings = {
				ALWAYS_EMBED_SWIFT_STANDARD_LIBRARIES = YES;
				BUNDLE_LOADER = "$(TEST_HOST)";
				CODE_SIGN_STYLE = Automatic;
				DEVELOPMENT_TEAM = FLM2WYKE6E;
				INFOPLIST_FILE = ClaroChallengeTests/Info.plist;
				LD_RUNPATH_SEARCH_PATHS = "$(inherited) @executable_path/Frameworks @loader_path/Frameworks";
				PRODUCT_BUNDLE_IDENTIFIER = br.com.campopiano.ClaroChallengeTests;
				PRODUCT_NAME = "$(TARGET_NAME)";
				SWIFT_VERSION = 4.0;
				TARGETED_DEVICE_FAMILY = "1,2";
				TEST_HOST = "$(BUILT_PRODUCTS_DIR)/ClaroChallenge.app/ClaroChallenge";
			};
			name = Mock;
		};
		F3B3A9A620EAFA8600864983 /* Mock */ = {
			isa = XCBuildConfiguration;
			baseConfigurationReference = A97AD0FD96276D8F2DCE0876 /* Pods-ClaroChallengeUITests.mock.xcconfig */;
			buildSettings = {
				ALWAYS_EMBED_SWIFT_STANDARD_LIBRARIES = YES;
				CLANG_ENABLE_MODULES = YES;
				CODE_SIGN_STYLE = Automatic;
				DEVELOPMENT_TEAM = FLM2WYKE6E;
				INFOPLIST_FILE = ClaroChallengeUITests/Info.plist;
				LD_RUNPATH_SEARCH_PATHS = "$(inherited) @executable_path/Frameworks @loader_path/Frameworks";
				PRODUCT_BUNDLE_IDENTIFIER = br.com.campopiano.ClaroChallengeUITests;
				PRODUCT_NAME = "$(TARGET_NAME)";
				SWIFT_OPTIMIZATION_LEVEL = "-Onone";
				SWIFT_VERSION = 4.0;
				TARGETED_DEVICE_FAMILY = "1,2";
				TEST_TARGET_NAME = ClaroChallenge;
			};
			name = Mock;
		};
/* End XCBuildConfiguration section */

/* Begin XCConfigurationList section */
		F30AF73620E1A8E0003A34F0 /* Build configuration list for PBXProject "ClaroChallenge" */ = {
			isa = XCConfigurationList;
			buildConfigurations = (
				F30AF76420E1A8E0003A34F0 /* Debug */,
				F3B3A9A320EAFA8600864983 /* Mock */,
				F30AF76520E1A8E0003A34F0 /* Release */,
			);
			defaultConfigurationIsVisible = 0;
			defaultConfigurationName = Release;
		};
		F30AF76620E1A8E0003A34F0 /* Build configuration list for PBXNativeTarget "ClaroChallenge" */ = {
			isa = XCConfigurationList;
			buildConfigurations = (
				F30AF76720E1A8E0003A34F0 /* Debug */,
				F3B3A9A420EAFA8600864983 /* Mock */,
				F30AF76820E1A8E0003A34F0 /* Release */,
			);
			defaultConfigurationIsVisible = 0;
			defaultConfigurationName = Release;
		};
		F30AF76920E1A8E0003A34F0 /* Build configuration list for PBXNativeTarget "ClaroChallengeTests" */ = {
			isa = XCConfigurationList;
			buildConfigurations = (
				F30AF76A20E1A8E0003A34F0 /* Debug */,
				F3B3A9A520EAFA8600864983 /* Mock */,
				F30AF76B20E1A8E0003A34F0 /* Release */,
			);
			defaultConfigurationIsVisible = 0;
			defaultConfigurationName = Release;
		};
		F30AF76C20E1A8E0003A34F0 /* Build configuration list for PBXNativeTarget "ClaroChallengeUITests" */ = {
			isa = XCConfigurationList;
			buildConfigurations = (
				F30AF76D20E1A8E0003A34F0 /* Debug */,
				F3B3A9A620EAFA8600864983 /* Mock */,
				F30AF76E20E1A8E0003A34F0 /* Release */,
			);
			defaultConfigurationIsVisible = 0;
			defaultConfigurationName = Release;
		};
/* End XCConfigurationList section */

/* Begin XCVersionGroup section */
		F30AF74520E1A8E0003A34F0 /* ClaroChallenge.xcdatamodeld */ = {
			isa = XCVersionGroup;
			children = (
				F30AF74620E1A8E0003A34F0 /* ClaroChallenge.xcdatamodel */,
			);
			currentVersion = F30AF74620E1A8E0003A34F0 /* ClaroChallenge.xcdatamodel */;
			path = ClaroChallenge.xcdatamodeld;
			sourceTree = "<group>";
			versionGroupType = wrapper.xcdatamodel;
		};
/* End XCVersionGroup section */
	};
	rootObject = F30AF73320E1A8E0003A34F0 /* Project object */;
}
